// !$*UTF8*$!
{
	archiveVersion = 1;
	classes = {
	};
	objectVersion = 46;
	objects = {

/* Begin PBXBuildFile section */
		B20A341B1C745F2F000CCFA3 /* libcrypto.a in Frameworks */ = {isa = PBXBuildFile; fileRef = B20A34181C745F2F000CCFA3 /* libcrypto.a */; };
		B20A341C1C745F2F000CCFA3 /* libssl.a in Frameworks */ = {isa = PBXBuildFile; fileRef = B20A34191C745F2F000CCFA3 /* libssl.a */; };
		B20A34231C746541000CCFA3 /* ShadowsocksRunner.m in Sources */ = {isa = PBXBuildFile; fileRef = B20A34221C746541000CCFA3 /* ShadowsocksRunner.m */; };
		B20A34731C746BBB000CCFA3 /* GSSSSettingViewController.m in Sources */ = {isa = PBXBuildFile; fileRef = B20A34721C746BBB000CCFA3 /* GSSSSettingViewController.m */; };
		B20A34751C746D24000CCFA3 /* libz.1.2.5.tbd in Frameworks */ = {isa = PBXBuildFile; fileRef = B20A34741C746D24000CCFA3 /* libz.1.2.5.tbd */; };
		B20A34831C7472B6000CCFA3 /* ev.c in Sources */ = {isa = PBXBuildFile; fileRef = B20A341D1C745FA5000CCFA3 /* ev.c */; };
		B20A34841C7472BD000CCFA3 /* encrypt.c in Sources */ = {isa = PBXBuildFile; fileRef = B20A340A1C745E37000CCFA3 /* encrypt.c */; };
		B20A34851C7472C2000CCFA3 /* local.m in Sources */ = {isa = PBXBuildFile; fileRef = B20A340F1C745E37000CCFA3 /* local.m */; };
		B20A34861C7472C7000CCFA3 /* table.m in Sources */ = {isa = PBXBuildFile; fileRef = B20A34111C745E37000CCFA3 /* table.m */; };
		B20A34871C747306000CCFA3 /* libshadowsocks.a in Frameworks */ = {isa = PBXBuildFile; fileRef = B20A347A1C747283000CCFA3 /* libshadowsocks.a */; };
		B20A34891C747FB7000CCFA3 /* LaunchScreen.storyboard in Resources */ = {isa = PBXBuildFile; fileRef = B20A34881C747FB7000CCFA3 /* LaunchScreen.storyboard */; };
		B20A348E1C7482A8000CCFA3 /* GSInputCell.m in Sources */ = {isa = PBXBuildFile; fileRef = B20A348D1C7482A8000CCFA3 /* GSInputCell.m */; };
		B22305AC1C78057B001B18F5 /* FXBlurView.m in Sources */ = {isa = PBXBuildFile; fileRef = B22305A81C78057B001B18F5 /* FXBlurView.m */; };
		B22305AD1C78057B001B18F5 /* HexColors.m in Sources */ = {isa = PBXBuildFile; fileRef = B22305AB1C78057B001B18F5 /* HexColors.m */; };
		B22305B01C780CC2001B18F5 /* GShadowView.m in Sources */ = {isa = PBXBuildFile; fileRef = B22305AF1C780CC2001B18F5 /* GShadowView.m */; };
		B22305B31C781AB4001B18F5 /* GSHomeController.m in Sources */ = {isa = PBXBuildFile; fileRef = B22305B21C781AB4001B18F5 /* GSHomeController.m */; };
		B22305C41C78250E001B18F5 /* GCoreDataManager.m in Sources */ = {isa = PBXBuildFile; fileRef = B22305C31C78250E001B18F5 /* GCoreDataManager.m */; };
		B22305CD1C783632001B18F5 /* sr_refresh.png in Resources */ = {isa = PBXBuildFile; fileRef = B22305C61C783631001B18F5 /* sr_refresh.png */; };
		B22305CE1C783632001B18F5 /* sr_refresh@2X.png in Resources */ = {isa = PBXBuildFile; fileRef = B22305C71C783631001B18F5 /* sr_refresh@2X.png */; };
		B22305CF1C783632001B18F5 /* SRRefreshView.m in Sources */ = {isa = PBXBuildFile; fileRef = B22305CA1C783632001B18F5 /* SRRefreshView.m */; };
		B22305D01C783632001B18F5 /* SRSlimeView.m in Sources */ = {isa = PBXBuildFile; fileRef = B22305CC1C783632001B18F5 /* SRSlimeView.m */; };
		B22675EB1C7C355600B5D5CC /* no_image.png in Resources */ = {isa = PBXBuildFile; fileRef = B22675E91C7C355600B5D5CC /* no_image.png */; };
		B22675EC1C7C355600B5D5CC /* no_image@2x.png in Resources */ = {isa = PBXBuildFile; fileRef = B22675EA1C7C355600B5D5CC /* no_image@2x.png */; };
		B22675EF1C7C44DC00B5D5CC /* GSPageItem.m in Sources */ = {isa = PBXBuildFile; fileRef = B22675EE1C7C44DC00B5D5CC /* GSPageItem.m */; };
		B23366BB1C7EEDE8003EA467 /* GSModelPage+CoreDataProperties.m in Sources */ = {isa = PBXBuildFile; fileRef = B23366A81C7EEDE8003EA467 /* GSModelPage+CoreDataProperties.m */; };
		B23366BC1C7EEDE8003EA467 /* GSModelPage.m in Sources */ = {isa = PBXBuildFile; fileRef = B23366AA1C7EEDE8003EA467 /* GSModelPage.m */; };
		B23366BD1C7EEDE8003EA467 /* GSModelNetBook+CoreDataProperties.m in Sources */ = {isa = PBXBuildFile; fileRef = B23366AC1C7EEDE8003EA467 /* GSModelNetBook+CoreDataProperties.m */; };
		B23366BE1C7EEDE8003EA467 /* GSModelNetBook.m in Sources */ = {isa = PBXBuildFile; fileRef = B23366AE1C7EEDE8003EA467 /* GSModelNetBook.m */; };
		B23366C21C7EEDE8003EA467 /* GSModelHomeData.m in Sources */ = {isa = PBXBuildFile; fileRef = B23366B61C7EEDE8003EA467 /* GSModelHomeData.m */; };
		B23366C41C7EEDE8003EA467 /* GSModelNetPage.m in Sources */ = {isa = PBXBuildFile; fileRef = B23366BA1C7EEDE8003EA467 /* GSModelNetPage.m */; };
		B23366C71C7EEF45003EA467 /* GSModelHomeData+CoreDataProperties.m in Sources */ = {isa = PBXBuildFile; fileRef = B23366C61C7EEF45003EA467 /* GSModelHomeData+CoreDataProperties.m */; };
		B250EE2E1C73054D00198CDE /* main.m in Sources */ = {isa = PBXBuildFile; fileRef = B250EE2D1C73054D00198CDE /* main.m */; };
		B250EE311C73054D00198CDE /* AppDelegate.m in Sources */ = {isa = PBXBuildFile; fileRef = B250EE301C73054D00198CDE /* AppDelegate.m */; };
		B250EE3C1C73054D00198CDE /* Assets.xcassets in Resources */ = {isa = PBXBuildFile; fileRef = B250EE3B1C73054D00198CDE /* Assets.xcassets */; };
		B250EE4A1C73054D00198CDE /* GenShelfTests.m in Sources */ = {isa = PBXBuildFile; fileRef = B250EE491C73054D00198CDE /* GenShelfTests.m */; };
		B250EE551C73054D00198CDE /* GenShelfUITests.m in Sources */ = {isa = PBXBuildFile; fileRef = B250EE541C73054D00198CDE /* GenShelfUITests.m */; };
		B268EC961C7742E5001DD15F /* GSHomeViewController.m in Sources */ = {isa = PBXBuildFile; fileRef = B268EC951C7742E5001DD15F /* GSHomeViewController.m */; };
		B268EC991C7742FE001DD15F /* GSSearchViewController.m in Sources */ = {isa = PBXBuildFile; fileRef = B268EC981C7742FE001DD15F /* GSSearchViewController.m */; };
		B268ECB61C7763BA001DD15F /* ASIAuthenticationDialog.m in Sources */ = {isa = PBXBuildFile; fileRef = B268EC9C1C7763BA001DD15F /* ASIAuthenticationDialog.m */; settings = {COMPILER_FLAGS = "-fno-objc-arc"; }; };
		B268ECB71C7763BA001DD15F /* ASIDataCompressor.m in Sources */ = {isa = PBXBuildFile; fileRef = B268EC9F1C7763BA001DD15F /* ASIDataCompressor.m */; settings = {COMPILER_FLAGS = "-fno-objc-arc"; }; };
		B268ECB81C7763BA001DD15F /* ASIDataDecompressor.m in Sources */ = {isa = PBXBuildFile; fileRef = B268ECA11C7763BA001DD15F /* ASIDataDecompressor.m */; settings = {COMPILER_FLAGS = "-fno-objc-arc"; }; };
		B268ECB91C7763BA001DD15F /* ASIDownloadCache.m in Sources */ = {isa = PBXBuildFile; fileRef = B268ECA31C7763BA001DD15F /* ASIDownloadCache.m */; settings = {COMPILER_FLAGS = "-fno-objc-arc"; }; };
		B268ECBA1C7763BA001DD15F /* ASIFormDataRequest.m in Sources */ = {isa = PBXBuildFile; fileRef = B268ECA51C7763BA001DD15F /* ASIFormDataRequest.m */; settings = {COMPILER_FLAGS = "-fno-objc-arc"; }; };
		B268ECBB1C7763BA001DD15F /* ASIHTTPRequest.m in Sources */ = {isa = PBXBuildFile; fileRef = B268ECA71C7763BA001DD15F /* ASIHTTPRequest.m */; settings = {COMPILER_FLAGS = "-fno-objc-arc"; }; };
		B268ECBC1C7763BA001DD15F /* ASIInputStream.m in Sources */ = {isa = PBXBuildFile; fileRef = B268ECAB1C7763BA001DD15F /* ASIInputStream.m */; settings = {COMPILER_FLAGS = "-fno-objc-arc"; }; };
		B268ECBD1C7763BA001DD15F /* ASINetworkQueue.m in Sources */ = {isa = PBXBuildFile; fileRef = B268ECAD1C7763BA001DD15F /* ASINetworkQueue.m */; settings = {COMPILER_FLAGS = "-fno-objc-arc"; }; };
		B268ECBE1C7763BA001DD15F /* Reachability.m in Sources */ = {isa = PBXBuildFile; fileRef = B268ECB01C7763BA001DD15F /* Reachability.m */; settings = {COMPILER_FLAGS = "-fno-objc-arc"; }; };
		B268ECC21C7764A7001DD15F /* libxml2.tbd in Frameworks */ = {isa = PBXBuildFile; fileRef = B268ECC11C7764A7001DD15F /* libxml2.tbd */; };
		B268ECC51C776FFE001DD15F /* GSSettingsViewController.m in Sources */ = {isa = PBXBuildFile; fileRef = B268ECC41C776FFE001DD15F /* GSSettingsViewController.m */; };
		B268ECD01C77745D001DD15F /* home.png in Resources */ = {isa = PBXBuildFile; fileRef = B268ECC61C77745D001DD15F /* home.png */; };
		B268ECD11C77745D001DD15F /* home@2x.png in Resources */ = {isa = PBXBuildFile; fileRef = B268ECC71C77745D001DD15F /* home@2x.png */; };
		B268ECD21C77745D001DD15F /* progress.png in Resources */ = {isa = PBXBuildFile; fileRef = B268ECC81C77745D001DD15F /* progress.png */; };
		B268ECD31C77745D001DD15F /* progress@2x.png in Resources */ = {isa = PBXBuildFile; fileRef = B268ECC91C77745D001DD15F /* progress@2x.png */; };
		B268ECD41C77745D001DD15F /* search.png in Resources */ = {isa = PBXBuildFile; fileRef = B268ECCA1C77745D001DD15F /* search.png */; };
		B268ECD51C77745D001DD15F /* search@2x.png in Resources */ = {isa = PBXBuildFile; fileRef = B268ECCB1C77745D001DD15F /* search@2x.png */; };
		B268ECD61C77745D001DD15F /* setting.png in Resources */ = {isa = PBXBuildFile; fileRef = B268ECCC1C77745D001DD15F /* setting.png */; };
		B268ECD71C77745D001DD15F /* setting@2x.png in Resources */ = {isa = PBXBuildFile; fileRef = B268ECCD1C77745D001DD15F /* setting@2x.png */; };
		B268ECD81C77745D001DD15F /* squares.png in Resources */ = {isa = PBXBuildFile; fileRef = B268ECCE1C77745D001DD15F /* squares.png */; };
		B268ECD91C77745D001DD15F /* squares@2x.png in Resources */ = {isa = PBXBuildFile; fileRef = B268ECCF1C77745D001DD15F /* squares@2x.png */; };
		B268ECF61C7777E5001DD15F /* MBLMessageBanner.m in Sources */ = {isa = PBXBuildFile; fileRef = B268ECDD1C7777E5001DD15F /* MBLMessageBanner.m */; };
		B268ECF71C7777E5001DD15F /* LICENSE in Resources */ = {isa = PBXBuildFile; fileRef = B268ECDE1C7777E5001DD15F /* LICENSE */; };
		B268ECF81C7777E5001DD15F /* MessageBannerDesign.json in Resources */ = {isa = PBXBuildFile; fileRef = B268ECE11C7777E5001DD15F /* MessageBannerDesign.json */; };
		B268ECF91C7777E5001DD15F /* ErrorBackgroundDefaultImage.png in Resources */ = {isa = PBXBuildFile; fileRef = B268ECE31C7777E5001DD15F /* ErrorBackgroundDefaultImage.png */; };
		B268ECFA1C7777E5001DD15F /* ErrorBackgroundDefaultImage@2x.png in Resources */ = {isa = PBXBuildFile; fileRef = B268ECE41C7777E5001DD15F /* ErrorBackgroundDefaultImage@2x.png */; };
		B268ECFB1C7777E5001DD15F /* ErrorDefaultLeftImage.png in Resources */ = {isa = PBXBuildFile; fileRef = B268ECE51C7777E5001DD15F /* ErrorDefaultLeftImage.png */; };
		B268ECFC1C7777E5001DD15F /* ErrorDefaultLeftImage@2x.png in Resources */ = {isa = PBXBuildFile; fileRef = B268ECE61C7777E5001DD15F /* ErrorDefaultLeftImage@2x.png */; };
		B268ECFD1C7777E5001DD15F /* MessageBackgroundDefaultImage.png in Resources */ = {isa = PBXBuildFile; fileRef = B268ECE71C7777E5001DD15F /* MessageBackgroundDefaultImage.png */; };
		B268ECFE1C7777E5001DD15F /* MessageBackgroundDefaultImage@2x.png in Resources */ = {isa = PBXBuildFile; fileRef = B268ECE81C7777E5001DD15F /* MessageBackgroundDefaultImage@2x.png */; };
		B268ECFF1C7777E5001DD15F /* MessageDefaultLeftImage.png in Resources */ = {isa = PBXBuildFile; fileRef = B268ECE91C7777E5001DD15F /* MessageDefaultLeftImage.png */; };
		B268ED001C7777E5001DD15F /* MessageDefaultLeftImage@2x.png in Resources */ = {isa = PBXBuildFile; fileRef = B268ECEA1C7777E5001DD15F /* MessageDefaultLeftImage@2x.png */; };
		B268ED011C7777E5001DD15F /* SuccessBackgroundDefaultImage.png in Resources */ = {isa = PBXBuildFile; fileRef = B268ECEB1C7777E5001DD15F /* SuccessBackgroundDefaultImage.png */; };
		B268ED021C7777E5001DD15F /* SuccessBackgroundDefaultImage@2x.png in Resources */ = {isa = PBXBuildFile; fileRef = B268ECEC1C7777E5001DD15F /* SuccessBackgroundDefaultImage@2x.png */; };
		B268ED031C7777E5001DD15F /* SuccessDefaultLeftImage.png in Resources */ = {isa = PBXBuildFile; fileRef = B268ECED1C7777E5001DD15F /* SuccessDefaultLeftImage.png */; };
		B268ED041C7777E5001DD15F /* SuccessDefaultLeftImage@2x.png in Resources */ = {isa = PBXBuildFile; fileRef = B268ECEE1C7777E5001DD15F /* SuccessDefaultLeftImage@2x.png */; };
		B268ED051C7777E5001DD15F /* WarningBackgroundDefaultImage.png in Resources */ = {isa = PBXBuildFile; fileRef = B268ECEF1C7777E5001DD15F /* WarningBackgroundDefaultImage.png */; };
		B268ED061C7777E5001DD15F /* WarningBackgroundDefaultImage@2x.png in Resources */ = {isa = PBXBuildFile; fileRef = B268ECF01C7777E5001DD15F /* WarningBackgroundDefaultImage@2x.png */; };
		B268ED071C7777E5001DD15F /* WarningDefaultLeftImage.png in Resources */ = {isa = PBXBuildFile; fileRef = B268ECF11C7777E5001DD15F /* WarningDefaultLeftImage.png */; };
		B268ED081C7777E5001DD15F /* WarningDefaultLeftImage@2x.png in Resources */ = {isa = PBXBuildFile; fileRef = B268ECF21C7777E5001DD15F /* WarningDefaultLeftImage@2x.png */; };
		B268ED091C7777E5001DD15F /* MBLMessageBannerView.m in Sources */ = {isa = PBXBuildFile; fileRef = B268ECF51C7777E5001DD15F /* MBLMessageBannerView.m */; };
		B26936E51C840A4A00D2D35E /* GSModelNetPage+CoreDataProperties.m in Sources */ = {isa = PBXBuildFile; fileRef = B26936E41C840A4A00D2D35E /* GSModelNetPage+CoreDataProperties.m */; };
		B26936EB1C8424FA00D2D35E /* GenShelf.xcdatamodeld in Sources */ = {isa = PBXBuildFile; fileRef = B26936E91C8424FA00D2D35E /* GenShelf.xcdatamodeld */; };
		B296F6E81C7F26E30031AA62 /* GSTask.m in Sources */ = {isa = PBXBuildFile; fileRef = B296F6E71C7F26E30031AA62 /* GSTask.m */; };
		B296F6EC1C8326870031AA62 /* GSLofiDownloadTask.m in Sources */ = {isa = PBXBuildFile; fileRef = B296F6EB1C8326870031AA62 /* GSLofiDownloadTask.m */; };
		B296F6F01C8335170031AA62 /* GSPictureManager.m in Sources */ = {isa = PBXBuildFile; fileRef = B296F6EF1C8335170031AA62 /* GSPictureManager.m */; };
		B2ABBA2E1C8019B900C02B7D /* GSLofiDataControl.m in Sources */ = {isa = PBXBuildFile; fileRef = B2ABBA2D1C8019B900C02B7D /* GSLofiDataControl.m */; };
		B2ABBA321C8019DA00C02B7D /* GSLofiBookTask.m in Sources */ = {isa = PBXBuildFile; fileRef = B2ABBA311C8019DA00C02B7D /* GSLofiBookTask.m */; };
		B2AD57831C7D4D2400280667 /* libsodium.a in Frameworks */ = {isa = PBXBuildFile; fileRef = B2AD57821C7D4D0800280667 /* libsodium.a */; };
		B2B1E04B1C7EB185004DCDF7 /* NSObject+GTools.m in Sources */ = {isa = PBXBuildFile; fileRef = B2B1E04A1C7EB185004DCDF7 /* NSObject+GTools.m */; };
		B2BDCBBD1C76DF5600DC3031 /* GSLoadingCell.m in Sources */ = {isa = PBXBuildFile; fileRef = B2BDCBBC1C76DF5600DC3031 /* GSLoadingCell.m */; };
		B2BDCBC11C76F83000DC3031 /* GSideMenuController.m in Sources */ = {isa = PBXBuildFile; fileRef = B2BDCBC01C76F83000DC3031 /* GSideMenuController.m */; };
		B2BDCBC41C7706AA00DC3031 /* GSideCoverView.m in Sources */ = {isa = PBXBuildFile; fileRef = B2BDCBC31C7706AA00DC3031 /* GSideCoverView.m */; };
		B2BDCBCB1C7719C000DC3031 /* menu.png in Resources */ = {isa = PBXBuildFile; fileRef = B2BDCBCA1C7719C000DC3031 /* menu.png */; };
		B2BDCBCD1C771A8500DC3031 /* menu@2x.png in Resources */ = {isa = PBXBuildFile; fileRef = B2BDCBCC1C771A8500DC3031 /* menu@2x.png */; };
		B2BDCBD01C771F6100DC3031 /* GSShelfViewController.m in Sources */ = {isa = PBXBuildFile; fileRef = B2BDCBCF1C771F6100DC3031 /* GSShelfViewController.m */; };
		B2CE81311C74B6DA00980186 /* GSSelectCell.m in Sources */ = {isa = PBXBuildFile; fileRef = B2CE81301C74B6DA00980186 /* GSSelectCell.m */; };
		B2F02F151C75637700D93119 /* GSGlobals.m in Sources */ = {isa = PBXBuildFile; fileRef = B2F02F141C75637700D93119 /* GSGlobals.m */; };
		B2F02F181C75B24600D93119 /* GSSwitchCell.m in Sources */ = {isa = PBXBuildFile; fileRef = B2F02F171C75B24600D93119 /* GSSwitchCell.m */; };
		B2F02F251C75BE0D00D93119 /* GCallback.m in Sources */ = {isa = PBXBuildFile; fileRef = B2F02F1C1C75BE0D00D93119 /* GCallback.m */; };
		B2F02F261C75BE0D00D93119 /* GEase.m in Sources */ = {isa = PBXBuildFile; fileRef = B2F02F1E1C75BE0D00D93119 /* GEase.m */; };
		B2F02F271C75BE0D00D93119 /* GTween.m in Sources */ = {isa = PBXBuildFile; fileRef = B2F02F201C75BE0D00D93119 /* GTween.m */; };
		B2F02F281C75BE0D00D93119 /* GTweenProperty.m in Sources */ = {isa = PBXBuildFile; fileRef = B2F02F221C75BE0D00D93119 /* GTweenProperty.m */; };
		B2F02F291C75BE0D00D93119 /* GValue.m in Sources */ = {isa = PBXBuildFile; fileRef = B2F02F241C75BE0D00D93119 /* GValue.m */; };
		B2F02F2D1C75C1E200D93119 /* GSSelectView.m in Sources */ = {isa = PBXBuildFile; fileRef = B2F02F2C1C75C1E200D93119 /* GSSelectView.m */; };
		B2F1812E1C7C062500DA5BF3 /* MTLocationCache.m in Sources */ = {isa = PBXBuildFile; fileRef = B2F181221C7C062500DA5BF3 /* MTLocationCache.m */; settings = {COMPILER_FLAGS = "-fno-objc-arc"; }; };
		B2F1812F1C7C062500DA5BF3 /* MTMenoryCache.m in Sources */ = {isa = PBXBuildFile; fileRef = B2F181241C7C062500DA5BF3 /* MTMenoryCache.m */; settings = {COMPILER_FLAGS = "-fno-objc-arc"; }; };
		B2F181301C7C062500DA5BF3 /* MTNetCacheElement.m in Sources */ = {isa = PBXBuildFile; fileRef = B2F181261C7C062500DA5BF3 /* MTNetCacheElement.m */; settings = {COMPILER_FLAGS = "-fno-objc-arc"; }; };
		B2F181311C7C062500DA5BF3 /* MTNetCacheManager.m in Sources */ = {isa = PBXBuildFile; fileRef = B2F181281C7C062500DA5BF3 /* MTNetCacheManager.m */; settings = {COMPILER_FLAGS = "-fno-objc-arc"; }; };
		B2F181321C7C062500DA5BF3 /* md5.c in Sources */ = {isa = PBXBuildFile; fileRef = B2F1812A1C7C062500DA5BF3 /* md5.c */; };
		B2F181331C7C062500DA5BF3 /* MTMd5.m in Sources */ = {isa = PBXBuildFile; fileRef = B2F1812D1C7C062500DA5BF3 /* MTMd5.m */; };
		B2F181361C7C12C400DA5BF3 /* GSBookCell.m in Sources */ = {isa = PBXBuildFile; fileRef = B2F181351C7C12C400DA5BF3 /* GSBookCell.m */; };
		B2F181391C7C13F200DA5BF3 /* GSRadiusImageView.m in Sources */ = {isa = PBXBuildFile; fileRef = B2F181381C7C13F200DA5BF3 /* GSRadiusImageView.m */; };
		B2F44C221C78A1D900639756 /* GSDataControl.m in Sources */ = {isa = PBXBuildFile; fileRef = B2F44C211C78A1D900639756 /* GSDataControl.m */; };
		B2F44C261C78AA3700639756 /* NSURL+QueryDictionary.m in Sources */ = {isa = PBXBuildFile; fileRef = B2F44C251C78AA3700639756 /* NSURL+QueryDictionary.m */; };
		B2F44C2F1C78BD5C00639756 /* GSBookItem.m in Sources */ = {isa = PBXBuildFile; fileRef = B2F44C2E1C78BD5C00639756 /* GSBookItem.m */; };
		B2F44C331C78C3FE00639756 /* GDataXMLNode.m in Sources */ = {isa = PBXBuildFile; fileRef = B2F44C321C78C3FE00639756 /* GDataXMLNode.m */; };
		B2F44C431C7CA2C300639756 /* GSPreviewViewController.m in Sources */ = {isa = PBXBuildFile; fileRef = B2F44C421C7CA2C300639756 /* GSPreviewViewController.m */; };
		B2F44C461C7CB3D000639756 /* GSThumCell.m in Sources */ = {isa = PBXBuildFile; fileRef = B2F44C451C7CB3D000639756 /* GSThumCell.m */; };
/* End PBXBuildFile section */

/* Begin PBXContainerItemProxy section */
		B250EE461C73054D00198CDE /* PBXContainerItemProxy */ = {
			isa = PBXContainerItemProxy;
			containerPortal = B250EE211C73054D00198CDE /* Project object */;
			proxyType = 1;
			remoteGlobalIDString = B250EE281C73054D00198CDE;
			remoteInfo = GenShelf;
		};
		B250EE511C73054D00198CDE /* PBXContainerItemProxy */ = {
			isa = PBXContainerItemProxy;
			containerPortal = B250EE211C73054D00198CDE /* Project object */;
			proxyType = 1;
			remoteGlobalIDString = B250EE281C73054D00198CDE;
			remoteInfo = GenShelf;
		};
		B2AD57811C7D4D0800280667 /* PBXContainerItemProxy */ = {
			isa = PBXContainerItemProxy;
			containerPortal = B2AD55861C7D4D0600280667 /* sodium.xcodeproj */;
			proxyType = 2;
			remoteGlobalIDString = B2AD51641C7D4BB100280667;
			remoteInfo = sodium;
		};
/* End PBXContainerItemProxy section */

/* Begin PBXCopyFilesBuildPhase section */
		B20A34781C747283000CCFA3 /* CopyFiles */ = {
			isa = PBXCopyFilesBuildPhase;
			buildActionMask = 2147483647;
			dstPath = "include/$(PRODUCT_NAME)";
			dstSubfolderSpec = 16;
			files = (
			);
			runOnlyForDeploymentPostprocessing = 0;
		};
/* End PBXCopyFilesBuildPhase section */

/* Begin PBXFileReference section */
		B20A340A1C745E37000CCFA3 /* encrypt.c */ = {isa = PBXFileReference; fileEncoding = 4; lastKnownFileType = sourcecode.c.c; path = encrypt.c; sourceTree = "<group>"; };
		B20A340B1C745E37000CCFA3 /* encrypt.h */ = {isa = PBXFileReference; fileEncoding = 4; lastKnownFileType = sourcecode.c.h; path = encrypt.h; sourceTree = "<group>"; };
		B20A340E1C745E37000CCFA3 /* local.h */ = {isa = PBXFileReference; fileEncoding = 4; lastKnownFileType = sourcecode.c.h; path = local.h; sourceTree = "<group>"; };
		B20A340F1C745E37000CCFA3 /* local.m */ = {isa = PBXFileReference; fileEncoding = 4; lastKnownFileType = sourcecode.c.objc; path = local.m; sourceTree = "<group>"; };
		B20A34101C745E37000CCFA3 /* table.h */ = {isa = PBXFileReference; fileEncoding = 4; lastKnownFileType = sourcecode.c.h; path = table.h; sourceTree = "<group>"; };
		B20A34111C745E37000CCFA3 /* table.m */ = {isa = PBXFileReference; fileEncoding = 4; lastKnownFileType = sourcecode.c.objc; path = table.m; sourceTree = "<group>"; };
		B20A34171C745F2F000CCFA3 /* libsodium.a */ = {isa = PBXFileReference; lastKnownFileType = archive.ar; name = libsodium.a; path = "GenShelf/OpenSSL-for-iPhone/lib/libsodium.a"; sourceTree = "<group>"; };
		B20A34181C745F2F000CCFA3 /* libcrypto.a */ = {isa = PBXFileReference; lastKnownFileType = archive.ar; name = libcrypto.a; path = "GenShelf/OpenSSL-for-iPhone/lib/libcrypto.a"; sourceTree = "<group>"; };
		B20A34191C745F2F000CCFA3 /* libssl.a */ = {isa = PBXFileReference; lastKnownFileType = archive.ar; name = libssl.a; path = "GenShelf/OpenSSL-for-iPhone/lib/libssl.a"; sourceTree = "<group>"; };
		B20A341D1C745FA5000CCFA3 /* ev.c */ = {isa = PBXFileReference; fileEncoding = 4; lastKnownFileType = sourcecode.c.c; name = ev.c; path = GenShelf/libev/ev.c; sourceTree = SOURCE_ROOT; };
		B20A341F1C745FE7000CCFA3 /* socks5.h */ = {isa = PBXFileReference; lastKnownFileType = sourcecode.c.h; path = socks5.h; sourceTree = "<group>"; };
		B20A34201C746497000CCFA3 /* GenShelf-Prefix.pch */ = {isa = PBXFileReference; lastKnownFileType = sourcecode.c.h; path = "GenShelf-Prefix.pch"; sourceTree = "<group>"; };
		B20A34211C746541000CCFA3 /* ShadowsocksRunner.h */ = {isa = PBXFileReference; fileEncoding = 4; lastKnownFileType = sourcecode.c.h; path = ShadowsocksRunner.h; sourceTree = "<group>"; };
		B20A34221C746541000CCFA3 /* ShadowsocksRunner.m */ = {isa = PBXFileReference; fileEncoding = 4; lastKnownFileType = sourcecode.c.objc; path = ShadowsocksRunner.m; sourceTree = "<group>"; };
		B20A34711C746BBB000CCFA3 /* GSSSSettingViewController.h */ = {isa = PBXFileReference; fileEncoding = 4; lastKnownFileType = sourcecode.c.h; path = GSSSSettingViewController.h; sourceTree = "<group>"; };
		B20A34721C746BBB000CCFA3 /* GSSSSettingViewController.m */ = {isa = PBXFileReference; fileEncoding = 4; lastKnownFileType = sourcecode.c.objc; path = GSSSSettingViewController.m; sourceTree = "<group>"; };
		B20A34741C746D24000CCFA3 /* libz.1.2.5.tbd */ = {isa = PBXFileReference; lastKnownFileType = "sourcecode.text-based-dylib-definition"; name = libz.1.2.5.tbd; path = usr/lib/libz.1.2.5.tbd; sourceTree = SDKROOT; };
		B20A347A1C747283000CCFA3 /* libshadowsocks.a */ = {isa = PBXFileReference; explicitFileType = archive.ar; includeInIndex = 0; path = libshadowsocks.a; sourceTree = BUILT_PRODUCTS_DIR; };
		B20A34881C747FB7000CCFA3 /* LaunchScreen.storyboard */ = {isa = PBXFileReference; fileEncoding = 4; lastKnownFileType = file.storyboard; path = LaunchScreen.storyboard; sourceTree = "<group>"; };
		B20A348C1C7482A8000CCFA3 /* GSInputCell.h */ = {isa = PBXFileReference; fileEncoding = 4; lastKnownFileType = sourcecode.c.h; path = GSInputCell.h; sourceTree = "<group>"; };
		B20A348D1C7482A8000CCFA3 /* GSInputCell.m */ = {isa = PBXFileReference; fileEncoding = 4; lastKnownFileType = sourcecode.c.objc; path = GSInputCell.m; sourceTree = "<group>"; };
		B22305A71C78057B001B18F5 /* FXBlurView.h */ = {isa = PBXFileReference; fileEncoding = 4; lastKnownFileType = sourcecode.c.h; path = FXBlurView.h; sourceTree = "<group>"; };
		B22305A81C78057B001B18F5 /* FXBlurView.m */ = {isa = PBXFileReference; fileEncoding = 4; lastKnownFileType = sourcecode.c.objc; path = FXBlurView.m; sourceTree = "<group>"; };
		B22305AA1C78057B001B18F5 /* HexColors.h */ = {isa = PBXFileReference; fileEncoding = 4; lastKnownFileType = sourcecode.c.h; path = HexColors.h; sourceTree = "<group>"; };
		B22305AB1C78057B001B18F5 /* HexColors.m */ = {isa = PBXFileReference; fileEncoding = 4; lastKnownFileType = sourcecode.c.objc; path = HexColors.m; sourceTree = "<group>"; };
		B22305AE1C780CC2001B18F5 /* GShadowView.h */ = {isa = PBXFileReference; fileEncoding = 4; lastKnownFileType = sourcecode.c.h; path = GShadowView.h; sourceTree = "<group>"; };
		B22305AF1C780CC2001B18F5 /* GShadowView.m */ = {isa = PBXFileReference; fileEncoding = 4; lastKnownFileType = sourcecode.c.objc; path = GShadowView.m; sourceTree = "<group>"; };
		B22305B11C781AB4001B18F5 /* GSHomeController.h */ = {isa = PBXFileReference; fileEncoding = 4; lastKnownFileType = sourcecode.c.h; path = GSHomeController.h; sourceTree = "<group>"; };
		B22305B21C781AB4001B18F5 /* GSHomeController.m */ = {isa = PBXFileReference; fileEncoding = 4; lastKnownFileType = sourcecode.c.objc; path = GSHomeController.m; sourceTree = "<group>"; };
		B22305C21C78250E001B18F5 /* GCoreDataManager.h */ = {isa = PBXFileReference; fileEncoding = 4; lastKnownFileType = sourcecode.c.h; path = GCoreDataManager.h; sourceTree = "<group>"; };
		B22305C31C78250E001B18F5 /* GCoreDataManager.m */ = {isa = PBXFileReference; fileEncoding = 4; lastKnownFileType = sourcecode.c.objc; path = GCoreDataManager.m; sourceTree = "<group>"; };
		B22305C61C783631001B18F5 /* sr_refresh.png */ = {isa = PBXFileReference; lastKnownFileType = image.png; path = sr_refresh.png; sourceTree = "<group>"; };
		B22305C71C783631001B18F5 /* sr_refresh@2X.png */ = {isa = PBXFileReference; lastKnownFileType = image.png; path = "sr_refresh@2X.png"; sourceTree = "<group>"; };
		B22305C81C783631001B18F5 /* SRDefine.h */ = {isa = PBXFileReference; fileEncoding = 4; lastKnownFileType = sourcecode.c.h; path = SRDefine.h; sourceTree = "<group>"; };
		B22305C91C783632001B18F5 /* SRRefreshView.h */ = {isa = PBXFileReference; fileEncoding = 4; lastKnownFileType = sourcecode.c.h; path = SRRefreshView.h; sourceTree = "<group>"; };
		B22305CA1C783632001B18F5 /* SRRefreshView.m */ = {isa = PBXFileReference; fileEncoding = 4; lastKnownFileType = sourcecode.c.objc; path = SRRefreshView.m; sourceTree = "<group>"; };
		B22305CB1C783632001B18F5 /* SRSlimeView.h */ = {isa = PBXFileReference; fileEncoding = 4; lastKnownFileType = sourcecode.c.h; path = SRSlimeView.h; sourceTree = "<group>"; };
		B22305CC1C783632001B18F5 /* SRSlimeView.m */ = {isa = PBXFileReference; fileEncoding = 4; lastKnownFileType = sourcecode.c.objc; path = SRSlimeView.m; sourceTree = "<group>"; };
		B22675E91C7C355600B5D5CC /* no_image.png */ = {isa = PBXFileReference; lastKnownFileType = image.png; path = no_image.png; sourceTree = "<group>"; };
		B22675EA1C7C355600B5D5CC /* no_image@2x.png */ = {isa = PBXFileReference; lastKnownFileType = image.png; path = "no_image@2x.png"; sourceTree = "<group>"; };
		B22675ED1C7C44DC00B5D5CC /* GSPageItem.h */ = {isa = PBXFileReference; fileEncoding = 4; lastKnownFileType = sourcecode.c.h; path = GSPageItem.h; sourceTree = "<group>"; };
		B22675EE1C7C44DC00B5D5CC /* GSPageItem.m */ = {isa = PBXFileReference; fileEncoding = 4; lastKnownFileType = sourcecode.c.objc; path = GSPageItem.m; sourceTree = "<group>"; };
		B23366A71C7EEDE8003EA467 /* GSModelPage+CoreDataProperties.h */ = {isa = PBXFileReference; fileEncoding = 4; lastKnownFileType = sourcecode.c.h; path = "GSModelPage+CoreDataProperties.h"; sourceTree = "<group>"; };
		B23366A81C7EEDE8003EA467 /* GSModelPage+CoreDataProperties.m */ = {isa = PBXFileReference; fileEncoding = 4; lastKnownFileType = sourcecode.c.objc; path = "GSModelPage+CoreDataProperties.m"; sourceTree = "<group>"; };
		B23366A91C7EEDE8003EA467 /* GSModelPage.h */ = {isa = PBXFileReference; fileEncoding = 4; lastKnownFileType = sourcecode.c.h; path = GSModelPage.h; sourceTree = "<group>"; };
		B23366AA1C7EEDE8003EA467 /* GSModelPage.m */ = {isa = PBXFileReference; fileEncoding = 4; lastKnownFileType = sourcecode.c.objc; path = GSModelPage.m; sourceTree = "<group>"; };
		B23366AB1C7EEDE8003EA467 /* GSModelNetBook+CoreDataProperties.h */ = {isa = PBXFileReference; fileEncoding = 4; lastKnownFileType = sourcecode.c.h; path = "GSModelNetBook+CoreDataProperties.h"; sourceTree = "<group>"; };
		B23366AC1C7EEDE8003EA467 /* GSModelNetBook+CoreDataProperties.m */ = {isa = PBXFileReference; fileEncoding = 4; lastKnownFileType = sourcecode.c.objc; path = "GSModelNetBook+CoreDataProperties.m"; sourceTree = "<group>"; };
		B23366AD1C7EEDE8003EA467 /* GSModelNetBook.h */ = {isa = PBXFileReference; fileEncoding = 4; lastKnownFileType = sourcecode.c.h; path = GSModelNetBook.h; sourceTree = "<group>"; };
		B23366AE1C7EEDE8003EA467 /* GSModelNetBook.m */ = {isa = PBXFileReference; fileEncoding = 4; lastKnownFileType = sourcecode.c.objc; path = GSModelNetBook.m; sourceTree = "<group>"; };
		B23366B51C7EEDE8003EA467 /* GSModelHomeData.h */ = {isa = PBXFileReference; fileEncoding = 4; lastKnownFileType = sourcecode.c.h; path = GSModelHomeData.h; sourceTree = "<group>"; };
		B23366B61C7EEDE8003EA467 /* GSModelHomeData.m */ = {isa = PBXFileReference; fileEncoding = 4; lastKnownFileType = sourcecode.c.objc; path = GSModelHomeData.m; sourceTree = "<group>"; };
		B23366B91C7EEDE8003EA467 /* GSModelNetPage.h */ = {isa = PBXFileReference; fileEncoding = 4; lastKnownFileType = sourcecode.c.h; path = GSModelNetPage.h; sourceTree = "<group>"; };
		B23366BA1C7EEDE8003EA467 /* GSModelNetPage.m */ = {isa = PBXFileReference; fileEncoding = 4; lastKnownFileType = sourcecode.c.objc; path = GSModelNetPage.m; sourceTree = "<group>"; };
		B23366C51C7EEF45003EA467 /* GSModelHomeData+CoreDataProperties.h */ = {isa = PBXFileReference; fileEncoding = 4; lastKnownFileType = sourcecode.c.h; path = "GSModelHomeData+CoreDataProperties.h"; sourceTree = "<group>"; };
		B23366C61C7EEF45003EA467 /* GSModelHomeData+CoreDataProperties.m */ = {isa = PBXFileReference; fileEncoding = 4; lastKnownFileType = sourcecode.c.objc; path = "GSModelHomeData+CoreDataProperties.m"; sourceTree = "<group>"; };
		B250EE291C73054D00198CDE /* GenShelf.app */ = {isa = PBXFileReference; explicitFileType = wrapper.application; includeInIndex = 0; path = GenShelf.app; sourceTree = BUILT_PRODUCTS_DIR; };
		B250EE2D1C73054D00198CDE /* main.m */ = {isa = PBXFileReference; lastKnownFileType = sourcecode.c.objc; path = main.m; sourceTree = "<group>"; };
		B250EE2F1C73054D00198CDE /* AppDelegate.h */ = {isa = PBXFileReference; lastKnownFileType = sourcecode.c.h; path = AppDelegate.h; sourceTree = "<group>"; };
		B250EE301C73054D00198CDE /* AppDelegate.m */ = {isa = PBXFileReference; lastKnownFileType = sourcecode.c.objc; path = AppDelegate.m; sourceTree = "<group>"; };
		B250EE3B1C73054D00198CDE /* Assets.xcassets */ = {isa = PBXFileReference; lastKnownFileType = folder.assetcatalog; path = Assets.xcassets; sourceTree = "<group>"; };
		B250EE401C73054D00198CDE /* Info.plist */ = {isa = PBXFileReference; lastKnownFileType = text.plist.xml; path = Info.plist; sourceTree = "<group>"; };
		B250EE451C73054D00198CDE /* GenShelfTests.xctest */ = {isa = PBXFileReference; explicitFileType = wrapper.cfbundle; includeInIndex = 0; path = GenShelfTests.xctest; sourceTree = BUILT_PRODUCTS_DIR; };
		B250EE491C73054D00198CDE /* GenShelfTests.m */ = {isa = PBXFileReference; lastKnownFileType = sourcecode.c.objc; path = GenShelfTests.m; sourceTree = "<group>"; };
		B250EE4B1C73054D00198CDE /* Info.plist */ = {isa = PBXFileReference; lastKnownFileType = text.plist.xml; path = Info.plist; sourceTree = "<group>"; };
		B250EE501C73054D00198CDE /* GenShelfUITests.xctest */ = {isa = PBXFileReference; explicitFileType = wrapper.cfbundle; includeInIndex = 0; path = GenShelfUITests.xctest; sourceTree = BUILT_PRODUCTS_DIR; };
		B250EE541C73054D00198CDE /* GenShelfUITests.m */ = {isa = PBXFileReference; lastKnownFileType = sourcecode.c.objc; path = GenShelfUITests.m; sourceTree = "<group>"; };
		B250EE561C73054D00198CDE /* Info.plist */ = {isa = PBXFileReference; lastKnownFileType = text.plist.xml; path = Info.plist; sourceTree = "<group>"; };
		B268EC941C7742E5001DD15F /* GSHomeViewController.h */ = {isa = PBXFileReference; fileEncoding = 4; lastKnownFileType = sourcecode.c.h; path = GSHomeViewController.h; sourceTree = "<group>"; };
		B268EC951C7742E5001DD15F /* GSHomeViewController.m */ = {isa = PBXFileReference; fileEncoding = 4; lastKnownFileType = sourcecode.c.objc; path = GSHomeViewController.m; sourceTree = "<group>"; };
		B268EC971C7742FE001DD15F /* GSSearchViewController.h */ = {isa = PBXFileReference; fileEncoding = 4; lastKnownFileType = sourcecode.c.h; path = GSSearchViewController.h; sourceTree = "<group>"; };
		B268EC981C7742FE001DD15F /* GSSearchViewController.m */ = {isa = PBXFileReference; fileEncoding = 4; lastKnownFileType = sourcecode.c.objc; path = GSSearchViewController.m; sourceTree = "<group>"; };
		B268EC9B1C7763BA001DD15F /* ASIAuthenticationDialog.h */ = {isa = PBXFileReference; fileEncoding = 4; lastKnownFileType = sourcecode.c.h; path = ASIAuthenticationDialog.h; sourceTree = "<group>"; };
		B268EC9C1C7763BA001DD15F /* ASIAuthenticationDialog.m */ = {isa = PBXFileReference; fileEncoding = 4; lastKnownFileType = sourcecode.c.objc; path = ASIAuthenticationDialog.m; sourceTree = "<group>"; };
		B268EC9D1C7763BA001DD15F /* ASICacheDelegate.h */ = {isa = PBXFileReference; fileEncoding = 4; lastKnownFileType = sourcecode.c.h; path = ASICacheDelegate.h; sourceTree = "<group>"; };
		B268EC9E1C7763BA001DD15F /* ASIDataCompressor.h */ = {isa = PBXFileReference; fileEncoding = 4; lastKnownFileType = sourcecode.c.h; path = ASIDataCompressor.h; sourceTree = "<group>"; };
		B268EC9F1C7763BA001DD15F /* ASIDataCompressor.m */ = {isa = PBXFileReference; fileEncoding = 4; lastKnownFileType = sourcecode.c.objc; path = ASIDataCompressor.m; sourceTree = "<group>"; };
		B268ECA01C7763BA001DD15F /* ASIDataDecompressor.h */ = {isa = PBXFileReference; fileEncoding = 4; lastKnownFileType = sourcecode.c.h; path = ASIDataDecompressor.h; sourceTree = "<group>"; };
		B268ECA11C7763BA001DD15F /* ASIDataDecompressor.m */ = {isa = PBXFileReference; fileEncoding = 4; lastKnownFileType = sourcecode.c.objc; path = ASIDataDecompressor.m; sourceTree = "<group>"; };
		B268ECA21C7763BA001DD15F /* ASIDownloadCache.h */ = {isa = PBXFileReference; fileEncoding = 4; lastKnownFileType = sourcecode.c.h; path = ASIDownloadCache.h; sourceTree = "<group>"; };
		B268ECA31C7763BA001DD15F /* ASIDownloadCache.m */ = {isa = PBXFileReference; fileEncoding = 4; lastKnownFileType = sourcecode.c.objc; path = ASIDownloadCache.m; sourceTree = "<group>"; };
		B268ECA41C7763BA001DD15F /* ASIFormDataRequest.h */ = {isa = PBXFileReference; fileEncoding = 4; lastKnownFileType = sourcecode.c.h; path = ASIFormDataRequest.h; sourceTree = "<group>"; };
		B268ECA51C7763BA001DD15F /* ASIFormDataRequest.m */ = {isa = PBXFileReference; fileEncoding = 4; lastKnownFileType = sourcecode.c.objc; path = ASIFormDataRequest.m; sourceTree = "<group>"; };
		B268ECA61C7763BA001DD15F /* ASIHTTPRequest.h */ = {isa = PBXFileReference; fileEncoding = 4; lastKnownFileType = sourcecode.c.h; path = ASIHTTPRequest.h; sourceTree = "<group>"; };
		B268ECA71C7763BA001DD15F /* ASIHTTPRequest.m */ = {isa = PBXFileReference; fileEncoding = 4; lastKnownFileType = sourcecode.c.objc; path = ASIHTTPRequest.m; sourceTree = "<group>"; };
		B268ECA81C7763BA001DD15F /* ASIHTTPRequestConfig.h */ = {isa = PBXFileReference; fileEncoding = 4; lastKnownFileType = sourcecode.c.h; path = ASIHTTPRequestConfig.h; sourceTree = "<group>"; };
		B268ECA91C7763BA001DD15F /* ASIHTTPRequestDelegate.h */ = {isa = PBXFileReference; fileEncoding = 4; lastKnownFileType = sourcecode.c.h; path = ASIHTTPRequestDelegate.h; sourceTree = "<group>"; };
		B268ECAA1C7763BA001DD15F /* ASIInputStream.h */ = {isa = PBXFileReference; fileEncoding = 4; lastKnownFileType = sourcecode.c.h; path = ASIInputStream.h; sourceTree = "<group>"; };
		B268ECAB1C7763BA001DD15F /* ASIInputStream.m */ = {isa = PBXFileReference; fileEncoding = 4; lastKnownFileType = sourcecode.c.objc; path = ASIInputStream.m; sourceTree = "<group>"; };
		B268ECAC1C7763BA001DD15F /* ASINetworkQueue.h */ = {isa = PBXFileReference; fileEncoding = 4; lastKnownFileType = sourcecode.c.h; path = ASINetworkQueue.h; sourceTree = "<group>"; };
		B268ECAD1C7763BA001DD15F /* ASINetworkQueue.m */ = {isa = PBXFileReference; fileEncoding = 4; lastKnownFileType = sourcecode.c.objc; path = ASINetworkQueue.m; sourceTree = "<group>"; };
		B268ECAE1C7763BA001DD15F /* ASIProgressDelegate.h */ = {isa = PBXFileReference; fileEncoding = 4; lastKnownFileType = sourcecode.c.h; path = ASIProgressDelegate.h; sourceTree = "<group>"; };
		B268ECAF1C7763BA001DD15F /* Reachability.h */ = {isa = PBXFileReference; fileEncoding = 4; lastKnownFileType = sourcecode.c.h; path = Reachability.h; sourceTree = "<group>"; };
		B268ECB01C7763BA001DD15F /* Reachability.m */ = {isa = PBXFileReference; fileEncoding = 4; lastKnownFileType = sourcecode.c.objc; path = Reachability.m; sourceTree = "<group>"; };
		B268ECC11C7764A7001DD15F /* libxml2.tbd */ = {isa = PBXFileReference; lastKnownFileType = "sourcecode.text-based-dylib-definition"; name = libxml2.tbd; path = usr/lib/libxml2.tbd; sourceTree = SDKROOT; };
		B268ECC31C776FFE001DD15F /* GSSettingsViewController.h */ = {isa = PBXFileReference; fileEncoding = 4; lastKnownFileType = sourcecode.c.h; path = GSSettingsViewController.h; sourceTree = "<group>"; };
		B268ECC41C776FFE001DD15F /* GSSettingsViewController.m */ = {isa = PBXFileReference; fileEncoding = 4; lastKnownFileType = sourcecode.c.objc; path = GSSettingsViewController.m; sourceTree = "<group>"; };
		B268ECC61C77745D001DD15F /* home.png */ = {isa = PBXFileReference; lastKnownFileType = image.png; path = home.png; sourceTree = "<group>"; };
		B268ECC71C77745D001DD15F /* home@2x.png */ = {isa = PBXFileReference; lastKnownFileType = image.png; path = "home@2x.png"; sourceTree = "<group>"; };
		B268ECC81C77745D001DD15F /* progress.png */ = {isa = PBXFileReference; lastKnownFileType = image.png; path = progress.png; sourceTree = "<group>"; };
		B268ECC91C77745D001DD15F /* progress@2x.png */ = {isa = PBXFileReference; lastKnownFileType = image.png; path = "progress@2x.png"; sourceTree = "<group>"; };
		B268ECCA1C77745D001DD15F /* search.png */ = {isa = PBXFileReference; lastKnownFileType = image.png; path = search.png; sourceTree = "<group>"; };
		B268ECCB1C77745D001DD15F /* search@2x.png */ = {isa = PBXFileReference; lastKnownFileType = image.png; path = "search@2x.png"; sourceTree = "<group>"; };
		B268ECCC1C77745D001DD15F /* setting.png */ = {isa = PBXFileReference; lastKnownFileType = image.png; path = setting.png; sourceTree = "<group>"; };
		B268ECCD1C77745D001DD15F /* setting@2x.png */ = {isa = PBXFileReference; lastKnownFileType = image.png; path = "setting@2x.png"; sourceTree = "<group>"; };
		B268ECCE1C77745D001DD15F /* squares.png */ = {isa = PBXFileReference; lastKnownFileType = image.png; path = squares.png; sourceTree = "<group>"; };
		B268ECCF1C77745D001DD15F /* squares@2x.png */ = {isa = PBXFileReference; lastKnownFileType = image.png; path = "squares@2x.png"; sourceTree = "<group>"; };
		B268ECDC1C7777E5001DD15F /* MBLMessageBanner.h */ = {isa = PBXFileReference; fileEncoding = 4; lastKnownFileType = sourcecode.c.h; path = MBLMessageBanner.h; sourceTree = "<group>"; };
		B268ECDD1C7777E5001DD15F /* MBLMessageBanner.m */ = {isa = PBXFileReference; fileEncoding = 4; lastKnownFileType = sourcecode.c.objc; path = MBLMessageBanner.m; sourceTree = "<group>"; };
		B268ECDE1C7777E5001DD15F /* LICENSE */ = {isa = PBXFileReference; fileEncoding = 4; lastKnownFileType = text; path = LICENSE; sourceTree = "<group>"; };
		B268ECE11C7777E5001DD15F /* MessageBannerDesign.json */ = {isa = PBXFileReference; fileEncoding = 4; lastKnownFileType = text.json; path = MessageBannerDesign.json; sourceTree = "<group>"; };
		B268ECE31C7777E5001DD15F /* ErrorBackgroundDefaultImage.png */ = {isa = PBXFileReference; lastKnownFileType = image.png; path = ErrorBackgroundDefaultImage.png; sourceTree = "<group>"; };
		B268ECE41C7777E5001DD15F /* ErrorBackgroundDefaultImage@2x.png */ = {isa = PBXFileReference; lastKnownFileType = image.png; path = "ErrorBackgroundDefaultImage@2x.png"; sourceTree = "<group>"; };
		B268ECE51C7777E5001DD15F /* ErrorDefaultLeftImage.png */ = {isa = PBXFileReference; lastKnownFileType = image.png; path = ErrorDefaultLeftImage.png; sourceTree = "<group>"; };
		B268ECE61C7777E5001DD15F /* ErrorDefaultLeftImage@2x.png */ = {isa = PBXFileReference; lastKnownFileType = image.png; path = "ErrorDefaultLeftImage@2x.png"; sourceTree = "<group>"; };
		B268ECE71C7777E5001DD15F /* MessageBackgroundDefaultImage.png */ = {isa = PBXFileReference; lastKnownFileType = image.png; path = MessageBackgroundDefaultImage.png; sourceTree = "<group>"; };
		B268ECE81C7777E5001DD15F /* MessageBackgroundDefaultImage@2x.png */ = {isa = PBXFileReference; lastKnownFileType = image.png; path = "MessageBackgroundDefaultImage@2x.png"; sourceTree = "<group>"; };
		B268ECE91C7777E5001DD15F /* MessageDefaultLeftImage.png */ = {isa = PBXFileReference; lastKnownFileType = image.png; path = MessageDefaultLeftImage.png; sourceTree = "<group>"; };
		B268ECEA1C7777E5001DD15F /* MessageDefaultLeftImage@2x.png */ = {isa = PBXFileReference; lastKnownFileType = image.png; path = "MessageDefaultLeftImage@2x.png"; sourceTree = "<group>"; };
		B268ECEB1C7777E5001DD15F /* SuccessBackgroundDefaultImage.png */ = {isa = PBXFileReference; lastKnownFileType = image.png; path = SuccessBackgroundDefaultImage.png; sourceTree = "<group>"; };
		B268ECEC1C7777E5001DD15F /* SuccessBackgroundDefaultImage@2x.png */ = {isa = PBXFileReference; lastKnownFileType = image.png; path = "SuccessBackgroundDefaultImage@2x.png"; sourceTree = "<group>"; };
		B268ECED1C7777E5001DD15F /* SuccessDefaultLeftImage.png */ = {isa = PBXFileReference; lastKnownFileType = image.png; path = SuccessDefaultLeftImage.png; sourceTree = "<group>"; };
		B268ECEE1C7777E5001DD15F /* SuccessDefaultLeftImage@2x.png */ = {isa = PBXFileReference; lastKnownFileType = image.png; path = "SuccessDefaultLeftImage@2x.png"; sourceTree = "<group>"; };
		B268ECEF1C7777E5001DD15F /* WarningBackgroundDefaultImage.png */ = {isa = PBXFileReference; lastKnownFileType = image.png; path = WarningBackgroundDefaultImage.png; sourceTree = "<group>"; };
		B268ECF01C7777E5001DD15F /* WarningBackgroundDefaultImage@2x.png */ = {isa = PBXFileReference; lastKnownFileType = image.png; path = "WarningBackgroundDefaultImage@2x.png"; sourceTree = "<group>"; };
		B268ECF11C7777E5001DD15F /* WarningDefaultLeftImage.png */ = {isa = PBXFileReference; lastKnownFileType = image.png; path = WarningDefaultLeftImage.png; sourceTree = "<group>"; };
		B268ECF21C7777E5001DD15F /* WarningDefaultLeftImage@2x.png */ = {isa = PBXFileReference; lastKnownFileType = image.png; path = "WarningDefaultLeftImage@2x.png"; sourceTree = "<group>"; };
		B268ECF41C7777E5001DD15F /* MBLMessageBannerView.h */ = {isa = PBXFileReference; fileEncoding = 4; lastKnownFileType = sourcecode.c.h; path = MBLMessageBannerView.h; sourceTree = "<group>"; };
		B268ECF51C7777E5001DD15F /* MBLMessageBannerView.m */ = {isa = PBXFileReference; fileEncoding = 4; lastKnownFileType = sourcecode.c.objc; path = MBLMessageBannerView.m; sourceTree = "<group>"; };
		B26936E31C840A4A00D2D35E /* GSModelNetPage+CoreDataProperties.h */ = {isa = PBXFileReference; fileEncoding = 4; lastKnownFileType = sourcecode.c.h; path = "GSModelNetPage+CoreDataProperties.h"; sourceTree = "<group>"; };
		B26936E41C840A4A00D2D35E /* GSModelNetPage+CoreDataProperties.m */ = {isa = PBXFileReference; fileEncoding = 4; lastKnownFileType = sourcecode.c.objc; path = "GSModelNetPage+CoreDataProperties.m"; sourceTree = "<group>"; };
		B26936EA1C8424FA00D2D35E /* GenShelf.xcdatamodel */ = {isa = PBXFileReference; lastKnownFileType = wrapper.xcdatamodel; path = GenShelf.xcdatamodel; sourceTree = "<group>"; };
		B296F6E61C7F26E30031AA62 /* GSTask.h */ = {isa = PBXFileReference; fileEncoding = 4; lastKnownFileType = sourcecode.c.h; path = GSTask.h; sourceTree = "<group>"; };
		B296F6E71C7F26E30031AA62 /* GSTask.m */ = {isa = PBXFileReference; fileEncoding = 4; lastKnownFileType = sourcecode.c.objc; path = GSTask.m; sourceTree = "<group>"; };
		B296F6EA1C8326870031AA62 /* GSLofiDownloadTask.h */ = {isa = PBXFileReference; fileEncoding = 4; lastKnownFileType = sourcecode.c.h; path = GSLofiDownloadTask.h; sourceTree = "<group>"; };
		B296F6EB1C8326870031AA62 /* GSLofiDownloadTask.m */ = {isa = PBXFileReference; fileEncoding = 4; lastKnownFileType = sourcecode.c.objc; path = GSLofiDownloadTask.m; sourceTree = "<group>"; };
		B296F6EE1C8335170031AA62 /* GSPictureManager.h */ = {isa = PBXFileReference; fileEncoding = 4; lastKnownFileType = sourcecode.c.h; path = GSPictureManager.h; sourceTree = "<group>"; };
		B296F6EF1C8335170031AA62 /* GSPictureManager.m */ = {isa = PBXFileReference; fileEncoding = 4; lastKnownFileType = sourcecode.c.objc; path = GSPictureManager.m; sourceTree = "<group>"; };
		B2ABBA2C1C8019B900C02B7D /* GSLofiDataControl.h */ = {isa = PBXFileReference; fileEncoding = 4; lastKnownFileType = sourcecode.c.h; path = GSLofiDataControl.h; sourceTree = "<group>"; };
		B2ABBA2D1C8019B900C02B7D /* GSLofiDataControl.m */ = {isa = PBXFileReference; fileEncoding = 4; lastKnownFileType = sourcecode.c.objc; path = GSLofiDataControl.m; sourceTree = "<group>"; };
		B2ABBA301C8019DA00C02B7D /* GSLofiBookTask.h */ = {isa = PBXFileReference; fileEncoding = 4; lastKnownFileType = sourcecode.c.h; path = GSLofiBookTask.h; sourceTree = "<group>"; };
		B2ABBA311C8019DA00C02B7D /* GSLofiBookTask.m */ = {isa = PBXFileReference; fileEncoding = 4; lastKnownFileType = sourcecode.c.objc; path = GSLofiBookTask.m; sourceTree = "<group>"; };
		B2ABBA331C80278900C02B7D /* GSDataDefines.h */ = {isa = PBXFileReference; lastKnownFileType = sourcecode.c.h; path = GSDataDefines.h; sourceTree = "<group>"; };
		B2AD55861C7D4D0600280667 /* sodium.xcodeproj */ = {isa = PBXFileReference; lastKnownFileType = "wrapper.pb-project"; path = sodium.xcodeproj; sourceTree = "<group>"; };
		B2B1E0491C7EB185004DCDF7 /* NSObject+GTools.h */ = {isa = PBXFileReference; fileEncoding = 4; lastKnownFileType = sourcecode.c.h; path = "NSObject+GTools.h"; sourceTree = "<group>"; };
		B2B1E04A1C7EB185004DCDF7 /* NSObject+GTools.m */ = {isa = PBXFileReference; fileEncoding = 4; lastKnownFileType = sourcecode.c.objc; path = "NSObject+GTools.m"; sourceTree = "<group>"; };
		B2BDCBBB1C76DF5600DC3031 /* GSLoadingCell.h */ = {isa = PBXFileReference; fileEncoding = 4; lastKnownFileType = sourcecode.c.h; path = GSLoadingCell.h; sourceTree = "<group>"; };
		B2BDCBBC1C76DF5600DC3031 /* GSLoadingCell.m */ = {isa = PBXFileReference; fileEncoding = 4; lastKnownFileType = sourcecode.c.objc; path = GSLoadingCell.m; sourceTree = "<group>"; };
		B2BDCBBF1C76F83000DC3031 /* GSideMenuController.h */ = {isa = PBXFileReference; fileEncoding = 4; lastKnownFileType = sourcecode.c.h; path = GSideMenuController.h; sourceTree = "<group>"; };
		B2BDCBC01C76F83000DC3031 /* GSideMenuController.m */ = {isa = PBXFileReference; fileEncoding = 4; lastKnownFileType = sourcecode.c.objc; path = GSideMenuController.m; sourceTree = "<group>"; };
		B2BDCBC21C7706AA00DC3031 /* GSideCoverView.h */ = {isa = PBXFileReference; fileEncoding = 4; lastKnownFileType = sourcecode.c.h; path = GSideCoverView.h; sourceTree = "<group>"; };
		B2BDCBC31C7706AA00DC3031 /* GSideCoverView.m */ = {isa = PBXFileReference; fileEncoding = 4; lastKnownFileType = sourcecode.c.objc; path = GSideCoverView.m; sourceTree = "<group>"; };
		B2BDCBCA1C7719C000DC3031 /* menu.png */ = {isa = PBXFileReference; lastKnownFileType = image.png; path = menu.png; sourceTree = "<group>"; };
		B2BDCBCC1C771A8500DC3031 /* menu@2x.png */ = {isa = PBXFileReference; lastKnownFileType = image.png; path = "menu@2x.png"; sourceTree = "<group>"; };
		B2BDCBCE1C771F6100DC3031 /* GSShelfViewController.h */ = {isa = PBXFileReference; fileEncoding = 4; lastKnownFileType = sourcecode.c.h; path = GSShelfViewController.h; sourceTree = "<group>"; };
		B2BDCBCF1C771F6100DC3031 /* GSShelfViewController.m */ = {isa = PBXFileReference; fileEncoding = 4; lastKnownFileType = sourcecode.c.objc; path = GSShelfViewController.m; sourceTree = "<group>"; };
		B2CE812F1C74B6DA00980186 /* GSSelectCell.h */ = {isa = PBXFileReference; fileEncoding = 4; lastKnownFileType = sourcecode.c.h; path = GSSelectCell.h; sourceTree = "<group>"; };
		B2CE81301C74B6DA00980186 /* GSSelectCell.m */ = {isa = PBXFileReference; fileEncoding = 4; lastKnownFileType = sourcecode.c.objc; path = GSSelectCell.m; sourceTree = "<group>"; };
		B2F02F131C75637700D93119 /* GSGlobals.h */ = {isa = PBXFileReference; fileEncoding = 4; lastKnownFileType = sourcecode.c.h; path = GSGlobals.h; sourceTree = "<group>"; };
		B2F02F141C75637700D93119 /* GSGlobals.m */ = {isa = PBXFileReference; fileEncoding = 4; lastKnownFileType = sourcecode.c.objc; path = GSGlobals.m; sourceTree = "<group>"; };
		B2F02F161C75B24600D93119 /* GSSwitchCell.h */ = {isa = PBXFileReference; fileEncoding = 4; lastKnownFileType = sourcecode.c.h; path = GSSwitchCell.h; sourceTree = "<group>"; };
		B2F02F171C75B24600D93119 /* GSSwitchCell.m */ = {isa = PBXFileReference; fileEncoding = 4; lastKnownFileType = sourcecode.c.objc; path = GSSwitchCell.m; sourceTree = "<group>"; };
		B2F02F1B1C75BE0D00D93119 /* GCallback.h */ = {isa = PBXFileReference; fileEncoding = 4; lastKnownFileType = sourcecode.c.h; path = GCallback.h; sourceTree = "<group>"; };
		B2F02F1C1C75BE0D00D93119 /* GCallback.m */ = {isa = PBXFileReference; fileEncoding = 4; lastKnownFileType = sourcecode.c.objc; path = GCallback.m; sourceTree = "<group>"; };
		B2F02F1D1C75BE0D00D93119 /* GEase.h */ = {isa = PBXFileReference; fileEncoding = 4; lastKnownFileType = sourcecode.c.h; path = GEase.h; sourceTree = "<group>"; };
		B2F02F1E1C75BE0D00D93119 /* GEase.m */ = {isa = PBXFileReference; fileEncoding = 4; lastKnownFileType = sourcecode.c.objc; path = GEase.m; sourceTree = "<group>"; };
		B2F02F1F1C75BE0D00D93119 /* GTween.h */ = {isa = PBXFileReference; fileEncoding = 4; lastKnownFileType = sourcecode.c.h; path = GTween.h; sourceTree = "<group>"; };
		B2F02F201C75BE0D00D93119 /* GTween.m */ = {isa = PBXFileReference; fileEncoding = 4; lastKnownFileType = sourcecode.c.objc; path = GTween.m; sourceTree = "<group>"; };
		B2F02F211C75BE0D00D93119 /* GTweenProperty.h */ = {isa = PBXFileReference; fileEncoding = 4; lastKnownFileType = sourcecode.c.h; path = GTweenProperty.h; sourceTree = "<group>"; };
		B2F02F221C75BE0D00D93119 /* GTweenProperty.m */ = {isa = PBXFileReference; fileEncoding = 4; lastKnownFileType = sourcecode.c.objc; path = GTweenProperty.m; sourceTree = "<group>"; };
		B2F02F231C75BE0D00D93119 /* GValue.h */ = {isa = PBXFileReference; fileEncoding = 4; lastKnownFileType = sourcecode.c.h; path = GValue.h; sourceTree = "<group>"; };
		B2F02F241C75BE0D00D93119 /* GValue.m */ = {isa = PBXFileReference; fileEncoding = 4; lastKnownFileType = sourcecode.c.objc; path = GValue.m; sourceTree = "<group>"; };
		B2F02F2B1C75C1E200D93119 /* GSSelectView.h */ = {isa = PBXFileReference; fileEncoding = 4; lastKnownFileType = sourcecode.c.h; path = GSSelectView.h; sourceTree = "<group>"; };
		B2F02F2C1C75C1E200D93119 /* GSSelectView.m */ = {isa = PBXFileReference; fileEncoding = 4; lastKnownFileType = sourcecode.c.objc; path = GSSelectView.m; sourceTree = "<group>"; };
		B2F181211C7C062500DA5BF3 /* MTLocationCache.h */ = {isa = PBXFileReference; fileEncoding = 4; lastKnownFileType = sourcecode.c.h; path = MTLocationCache.h; sourceTree = "<group>"; };
		B2F181221C7C062500DA5BF3 /* MTLocationCache.m */ = {isa = PBXFileReference; fileEncoding = 4; lastKnownFileType = sourcecode.c.objc; path = MTLocationCache.m; sourceTree = "<group>"; };
		B2F181231C7C062500DA5BF3 /* MTMenoryCache.h */ = {isa = PBXFileReference; fileEncoding = 4; lastKnownFileType = sourcecode.c.h; path = MTMenoryCache.h; sourceTree = "<group>"; };
		B2F181241C7C062500DA5BF3 /* MTMenoryCache.m */ = {isa = PBXFileReference; fileEncoding = 4; lastKnownFileType = sourcecode.c.objc; path = MTMenoryCache.m; sourceTree = "<group>"; };
		B2F181251C7C062500DA5BF3 /* MTNetCacheElement.h */ = {isa = PBXFileReference; fileEncoding = 4; lastKnownFileType = sourcecode.c.h; path = MTNetCacheElement.h; sourceTree = "<group>"; };
		B2F181261C7C062500DA5BF3 /* MTNetCacheElement.m */ = {isa = PBXFileReference; fileEncoding = 4; lastKnownFileType = sourcecode.c.objc; path = MTNetCacheElement.m; sourceTree = "<group>"; };
		B2F181271C7C062500DA5BF3 /* MTNetCacheManager.h */ = {isa = PBXFileReference; fileEncoding = 4; lastKnownFileType = sourcecode.c.h; path = MTNetCacheManager.h; sourceTree = "<group>"; };
		B2F181281C7C062500DA5BF3 /* MTNetCacheManager.m */ = {isa = PBXFileReference; fileEncoding = 4; lastKnownFileType = sourcecode.c.objc; path = MTNetCacheManager.m; sourceTree = "<group>"; };
		B2F1812A1C7C062500DA5BF3 /* md5.c */ = {isa = PBXFileReference; fileEncoding = 4; lastKnownFileType = sourcecode.c.c; path = md5.c; sourceTree = "<group>"; };
		B2F1812B1C7C062500DA5BF3 /* md5.h */ = {isa = PBXFileReference; fileEncoding = 4; lastKnownFileType = sourcecode.c.h; path = md5.h; sourceTree = "<group>"; };
		B2F1812C1C7C062500DA5BF3 /* MTMd5.h */ = {isa = PBXFileReference; fileEncoding = 4; lastKnownFileType = sourcecode.c.h; path = MTMd5.h; sourceTree = "<group>"; };
		B2F1812D1C7C062500DA5BF3 /* MTMd5.m */ = {isa = PBXFileReference; fileEncoding = 4; lastKnownFileType = sourcecode.c.objc; path = MTMd5.m; sourceTree = "<group>"; };
		B2F181341C7C12C400DA5BF3 /* GSBookCell.h */ = {isa = PBXFileReference; fileEncoding = 4; lastKnownFileType = sourcecode.c.h; path = GSBookCell.h; sourceTree = "<group>"; };
		B2F181351C7C12C400DA5BF3 /* GSBookCell.m */ = {isa = PBXFileReference; fileEncoding = 4; lastKnownFileType = sourcecode.c.objc; path = GSBookCell.m; sourceTree = "<group>"; };
		B2F181371C7C13F200DA5BF3 /* GSRadiusImageView.h */ = {isa = PBXFileReference; fileEncoding = 4; lastKnownFileType = sourcecode.c.h; path = GSRadiusImageView.h; sourceTree = "<group>"; };
		B2F181381C7C13F200DA5BF3 /* GSRadiusImageView.m */ = {isa = PBXFileReference; fileEncoding = 4; lastKnownFileType = sourcecode.c.objc; path = GSRadiusImageView.m; sourceTree = "<group>"; };
		B2F44C201C78A1D900639756 /* GSDataControl.h */ = {isa = PBXFileReference; fileEncoding = 4; lastKnownFileType = sourcecode.c.h; path = GSDataControl.h; sourceTree = "<group>"; };
		B2F44C211C78A1D900639756 /* GSDataControl.m */ = {isa = PBXFileReference; fileEncoding = 4; lastKnownFileType = sourcecode.c.objc; path = GSDataControl.m; sourceTree = "<group>"; };
		B2F44C241C78AA3700639756 /* NSURL+QueryDictionary.h */ = {isa = PBXFileReference; fileEncoding = 4; lastKnownFileType = sourcecode.c.h; path = "NSURL+QueryDictionary.h"; sourceTree = "<group>"; };
		B2F44C251C78AA3700639756 /* NSURL+QueryDictionary.m */ = {isa = PBXFileReference; fileEncoding = 4; lastKnownFileType = sourcecode.c.objc; path = "NSURL+QueryDictionary.m"; sourceTree = "<group>"; };
		B2F44C2D1C78BD5C00639756 /* GSBookItem.h */ = {isa = PBXFileReference; fileEncoding = 4; lastKnownFileType = sourcecode.c.h; path = GSBookItem.h; sourceTree = "<group>"; };
		B2F44C2E1C78BD5C00639756 /* GSBookItem.m */ = {isa = PBXFileReference; fileEncoding = 4; lastKnownFileType = sourcecode.c.objc; path = GSBookItem.m; sourceTree = "<group>"; };
		B2F44C311C78C3FE00639756 /* GDataXMLNode.h */ = {isa = PBXFileReference; fileEncoding = 4; lastKnownFileType = sourcecode.c.h; path = GDataXMLNode.h; sourceTree = "<group>"; };
		B2F44C321C78C3FE00639756 /* GDataXMLNode.m */ = {isa = PBXFileReference; fileEncoding = 4; lastKnownFileType = sourcecode.c.objc; path = GDataXMLNode.m; sourceTree = "<group>"; };
		B2F44C411C7CA2C300639756 /* GSPreviewViewController.h */ = {isa = PBXFileReference; fileEncoding = 4; lastKnownFileType = sourcecode.c.h; path = GSPreviewViewController.h; sourceTree = "<group>"; };
		B2F44C421C7CA2C300639756 /* GSPreviewViewController.m */ = {isa = PBXFileReference; fileEncoding = 4; lastKnownFileType = sourcecode.c.objc; path = GSPreviewViewController.m; sourceTree = "<group>"; };
		B2F44C441C7CB3D000639756 /* GSThumCell.h */ = {isa = PBXFileReference; fileEncoding = 4; lastKnownFileType = sourcecode.c.h; path = GSThumCell.h; sourceTree = "<group>"; };
		B2F44C451C7CB3D000639756 /* GSThumCell.m */ = {isa = PBXFileReference; fileEncoding = 4; lastKnownFileType = sourcecode.c.objc; path = GSThumCell.m; sourceTree = "<group>"; };
/* End PBXFileReference section */

/* Begin PBXFrameworksBuildPhase section */
		B20A34771C747283000CCFA3 /* Frameworks */ = {
			isa = PBXFrameworksBuildPhase;
			buildActionMask = 2147483647;
			files = (
			);
			runOnlyForDeploymentPostprocessing = 0;
		};
		B250EE261C73054D00198CDE /* Frameworks */ = {
			isa = PBXFrameworksBuildPhase;
			buildActionMask = 2147483647;
			files = (
				B2AD57831C7D4D2400280667 /* libsodium.a in Frameworks */,
				B268ECC21C7764A7001DD15F /* libxml2.tbd in Frameworks */,
				B20A34871C747306000CCFA3 /* libshadowsocks.a in Frameworks */,
				B20A34751C746D24000CCFA3 /* libz.1.2.5.tbd in Frameworks */,
				B20A341B1C745F2F000CCFA3 /* libcrypto.a in Frameworks */,
				B20A341C1C745F2F000CCFA3 /* libssl.a in Frameworks */,
			);
			runOnlyForDeploymentPostprocessing = 0;
		};
		B250EE421C73054D00198CDE /* Frameworks */ = {
			isa = PBXFrameworksBuildPhase;
			buildActionMask = 2147483647;
			files = (
			);
			runOnlyForDeploymentPostprocessing = 0;
		};
		B250EE4D1C73054D00198CDE /* Frameworks */ = {
			isa = PBXFrameworksBuildPhase;
			buildActionMask = 2147483647;
			files = (
			);
			runOnlyForDeploymentPostprocessing = 0;
		};
/* End PBXFrameworksBuildPhase section */

/* Begin PBXGroup section */
		B20A34091C745E37000CCFA3 /* Shadowsocks */ = {
			isa = PBXGroup;
			children = (
				B2AD55851C7D4D0600280667 /* sodium */,
				B20A34211C746541000CCFA3 /* ShadowsocksRunner.h */,
				B20A34221C746541000CCFA3 /* ShadowsocksRunner.m */,
				B20A341D1C745FA5000CCFA3 /* ev.c */,
				B20A340A1C745E37000CCFA3 /* encrypt.c */,
				B20A340B1C745E37000CCFA3 /* encrypt.h */,
				B20A341F1C745FE7000CCFA3 /* socks5.h */,
				B20A340E1C745E37000CCFA3 /* local.h */,
				B20A340F1C745E37000CCFA3 /* local.m */,
				B20A34101C745E37000CCFA3 /* table.h */,
				B20A34111C745E37000CCFA3 /* table.m */,
			);
			path = Shadowsocks;
			sourceTree = "<group>";
		};
		B20A34161C745F1B000CCFA3 /* Frameworks */ = {
			isa = PBXGroup;
			children = (
				B268ECC11C7764A7001DD15F /* libxml2.tbd */,
				B20A34741C746D24000CCFA3 /* libz.1.2.5.tbd */,
				B20A34171C745F2F000CCFA3 /* libsodium.a */,
				B20A34181C745F2F000CCFA3 /* libcrypto.a */,
				B20A34191C745F2F000CCFA3 /* libssl.a */,
			);
			name = Frameworks;
			sourceTree = "<group>";
		};
		B20A34701C746B80000CCFA3 /* Controllers */ = {
			isa = PBXGroup;
			children = (
				B20A34711C746BBB000CCFA3 /* GSSSSettingViewController.h */,
				B20A34721C746BBB000CCFA3 /* GSSSSettingViewController.m */,
				B2BDCBCE1C771F6100DC3031 /* GSShelfViewController.h */,
				B2BDCBCF1C771F6100DC3031 /* GSShelfViewController.m */,
				B268EC941C7742E5001DD15F /* GSHomeViewController.h */,
				B268EC951C7742E5001DD15F /* GSHomeViewController.m */,
				B268EC971C7742FE001DD15F /* GSSearchViewController.h */,
				B268EC981C7742FE001DD15F /* GSSearchViewController.m */,
				B268ECC31C776FFE001DD15F /* GSSettingsViewController.h */,
				B268ECC41C776FFE001DD15F /* GSSettingsViewController.m */,
				B22305B11C781AB4001B18F5 /* GSHomeController.h */,
				B22305B21C781AB4001B18F5 /* GSHomeController.m */,
				B2F44C411C7CA2C300639756 /* GSPreviewViewController.h */,
				B2F44C421C7CA2C300639756 /* GSPreviewViewController.m */,
			);
			path = Controllers;
			sourceTree = "<group>";
		};
		B20A348A1C7481DF000CCFA3 /* Views */ = {
			isa = PBXGroup;
			children = (
				B2F02F2A1C75C15500D93119 /* Widgets */,
				B20A348B1C748292000CCFA3 /* Cells */,
			);
			path = Views;
			sourceTree = "<group>";
		};
		B20A348B1C748292000CCFA3 /* Cells */ = {
			isa = PBXGroup;
			children = (
				B20A348C1C7482A8000CCFA3 /* GSInputCell.h */,
				B20A348D1C7482A8000CCFA3 /* GSInputCell.m */,
				B2CE812F1C74B6DA00980186 /* GSSelectCell.h */,
				B2CE81301C74B6DA00980186 /* GSSelectCell.m */,
				B2F02F161C75B24600D93119 /* GSSwitchCell.h */,
				B2F02F171C75B24600D93119 /* GSSwitchCell.m */,
				B2BDCBBB1C76DF5600DC3031 /* GSLoadingCell.h */,
				B2BDCBBC1C76DF5600DC3031 /* GSLoadingCell.m */,
				B2F181341C7C12C400DA5BF3 /* GSBookCell.h */,
				B2F181351C7C12C400DA5BF3 /* GSBookCell.m */,
				B2F44C441C7CB3D000639756 /* GSThumCell.h */,
				B2F44C451C7CB3D000639756 /* GSThumCell.m */,
			);
			path = Cells;
			sourceTree = "<group>";
		};
		B22305A61C78057B001B18F5 /* FXBlurView */ = {
			isa = PBXGroup;
			children = (
				B22305A71C78057B001B18F5 /* FXBlurView.h */,
				B22305A81C78057B001B18F5 /* FXBlurView.m */,
			);
			path = FXBlurView;
			sourceTree = "<group>";
		};
		B22305A91C78057B001B18F5 /* HexColors */ = {
			isa = PBXGroup;
			children = (
				B22305AA1C78057B001B18F5 /* HexColors.h */,
				B22305AB1C78057B001B18F5 /* HexColors.m */,
			);
			path = HexColors;
			sourceTree = "<group>";
		};
		B22305B41C782011001B18F5 /* Models */ = {
			isa = PBXGroup;
			children = (
				B23366A71C7EEDE8003EA467 /* GSModelPage+CoreDataProperties.h */,
				B23366A81C7EEDE8003EA467 /* GSModelPage+CoreDataProperties.m */,
				B23366A91C7EEDE8003EA467 /* GSModelPage.h */,
				B23366AA1C7EEDE8003EA467 /* GSModelPage.m */,
				B23366AB1C7EEDE8003EA467 /* GSModelNetBook+CoreDataProperties.h */,
				B23366AC1C7EEDE8003EA467 /* GSModelNetBook+CoreDataProperties.m */,
				B23366AD1C7EEDE8003EA467 /* GSModelNetBook.h */,
				B23366AE1C7EEDE8003EA467 /* GSModelNetBook.m */,
				B26936E31C840A4A00D2D35E /* GSModelNetPage+CoreDataProperties.h */,
				B26936E41C840A4A00D2D35E /* GSModelNetPage+CoreDataProperties.m */,
				B23366B51C7EEDE8003EA467 /* GSModelHomeData.h */,
				B23366B61C7EEDE8003EA467 /* GSModelHomeData.m */,
				B23366B91C7EEDE8003EA467 /* GSModelNetPage.h */,
				B23366BA1C7EEDE8003EA467 /* GSModelNetPage.m */,
				B23366C51C7EEF45003EA467 /* GSModelHomeData+CoreDataProperties.h */,
				B23366C61C7EEF45003EA467 /* GSModelHomeData+CoreDataProperties.m */,
			);
			path = Models;
			sourceTree = "<group>";
		};
		B22305C11C7824F4001B18F5 /* DataManager */ = {
			isa = PBXGroup;
			children = (
				B22305C21C78250E001B18F5 /* GCoreDataManager.h */,
				B22305C31C78250E001B18F5 /* GCoreDataManager.m */,
			);
			path = DataManager;
			sourceTree = "<group>";
		};
		B22305C51C783631001B18F5 /* SlimeRefresh */ = {
			isa = PBXGroup;
			children = (
				B22305C61C783631001B18F5 /* sr_refresh.png */,
				B22305C71C783631001B18F5 /* sr_refresh@2X.png */,
				B22305C81C783631001B18F5 /* SRDefine.h */,
				B22305C91C783632001B18F5 /* SRRefreshView.h */,
				B22305CA1C783632001B18F5 /* SRRefreshView.m */,
				B22305CB1C783632001B18F5 /* SRSlimeView.h */,
				B22305CC1C783632001B18F5 /* SRSlimeView.m */,
			);
			path = SlimeRefresh;
			sourceTree = "<group>";
		};
		B250EE201C73054D00198CDE = {
			isa = PBXGroup;
			children = (
				B250EE2B1C73054D00198CDE /* GenShelf */,
				B250EE481C73054D00198CDE /* GenShelfTests */,
				B250EE531C73054D00198CDE /* GenShelfUITests */,
				B250EE2A1C73054D00198CDE /* Products */,
				B20A34161C745F1B000CCFA3 /* Frameworks */,
			);
			sourceTree = "<group>";
		};
		B250EE2A1C73054D00198CDE /* Products */ = {
			isa = PBXGroup;
			children = (
				B250EE291C73054D00198CDE /* GenShelf.app */,
				B250EE451C73054D00198CDE /* GenShelfTests.xctest */,
				B250EE501C73054D00198CDE /* GenShelfUITests.xctest */,
				B20A347A1C747283000CCFA3 /* libshadowsocks.a */,
			);
			name = Products;
			sourceTree = "<group>";
		};
		B250EE2B1C73054D00198CDE /* GenShelf */ = {
			isa = PBXGroup;
			children = (
				B2F44C1F1C78A1C600639756 /* DataController */,
				B2BDCBC51C77122C00DC3031 /* Resources */,
				B2F02F191C75BE0D00D93119 /* Utils */,
				B2F02F121C75635200D93119 /* Globals */,
				B22305B41C782011001B18F5 /* Models */,
				B20A348A1C7481DF000CCFA3 /* Views */,
				B20A34701C746B80000CCFA3 /* Controllers */,
				B20A34091C745E37000CCFA3 /* Shadowsocks */,
				B250EE2F1C73054D00198CDE /* AppDelegate.h */,
				B250EE301C73054D00198CDE /* AppDelegate.m */,
				B250EE3B1C73054D00198CDE /* Assets.xcassets */,
				B250EE401C73054D00198CDE /* Info.plist */,
				B250EE2C1C73054D00198CDE /* Supporting Files */,
				B20A34201C746497000CCFA3 /* GenShelf-Prefix.pch */,
				B26936E91C8424FA00D2D35E /* GenShelf.xcdatamodeld */,
				B20A34881C747FB7000CCFA3 /* LaunchScreen.storyboard */,
			);
			path = GenShelf;
			sourceTree = "<group>";
		};
		B250EE2C1C73054D00198CDE /* Supporting Files */ = {
			isa = PBXGroup;
			children = (
				B250EE2D1C73054D00198CDE /* main.m */,
			);
			name = "Supporting Files";
			sourceTree = "<group>";
		};
		B250EE481C73054D00198CDE /* GenShelfTests */ = {
			isa = PBXGroup;
			children = (
				B250EE491C73054D00198CDE /* GenShelfTests.m */,
				B250EE4B1C73054D00198CDE /* Info.plist */,
			);
			path = GenShelfTests;
			sourceTree = "<group>";
		};
		B250EE531C73054D00198CDE /* GenShelfUITests */ = {
			isa = PBXGroup;
			children = (
				B250EE541C73054D00198CDE /* GenShelfUITests.m */,
				B250EE561C73054D00198CDE /* Info.plist */,
			);
			path = GenShelfUITests;
			sourceTree = "<group>";
		};
		B268EC9A1C7763BA001DD15F /* ASIHTTPRequest */ = {
			isa = PBXGroup;
			children = (
				B268EC9B1C7763BA001DD15F /* ASIAuthenticationDialog.h */,
				B268EC9C1C7763BA001DD15F /* ASIAuthenticationDialog.m */,
				B268EC9D1C7763BA001DD15F /* ASICacheDelegate.h */,
				B268EC9E1C7763BA001DD15F /* ASIDataCompressor.h */,
				B268EC9F1C7763BA001DD15F /* ASIDataCompressor.m */,
				B268ECA01C7763BA001DD15F /* ASIDataDecompressor.h */,
				B268ECA11C7763BA001DD15F /* ASIDataDecompressor.m */,
				B268ECA21C7763BA001DD15F /* ASIDownloadCache.h */,
				B268ECA31C7763BA001DD15F /* ASIDownloadCache.m */,
				B268ECA41C7763BA001DD15F /* ASIFormDataRequest.h */,
				B268ECA51C7763BA001DD15F /* ASIFormDataRequest.m */,
				B268ECA61C7763BA001DD15F /* ASIHTTPRequest.h */,
				B268ECA71C7763BA001DD15F /* ASIHTTPRequest.m */,
				B268ECA81C7763BA001DD15F /* ASIHTTPRequestConfig.h */,
				B268ECA91C7763BA001DD15F /* ASIHTTPRequestDelegate.h */,
				B268ECAA1C7763BA001DD15F /* ASIInputStream.h */,
				B268ECAB1C7763BA001DD15F /* ASIInputStream.m */,
				B268ECAC1C7763BA001DD15F /* ASINetworkQueue.h */,
				B268ECAD1C7763BA001DD15F /* ASINetworkQueue.m */,
				B268ECAE1C7763BA001DD15F /* ASIProgressDelegate.h */,
				B268ECAF1C7763BA001DD15F /* Reachability.h */,
				B268ECB01C7763BA001DD15F /* Reachability.m */,
			);
			path = ASIHTTPRequest;
			sourceTree = "<group>";
		};
		B268ECDA1C7777E5001DD15F /* MessageBanner */ = {
			isa = PBXGroup;
			children = (
				B268ECDB1C7777E5001DD15F /* Classes */,
				B268ECDE1C7777E5001DD15F /* LICENSE */,
				B268ECDF1C7777E5001DD15F /* Ressources */,
				B268ECF31C7777E5001DD15F /* Views */,
			);
			path = MessageBanner;
			sourceTree = "<group>";
		};
		B268ECDB1C7777E5001DD15F /* Classes */ = {
			isa = PBXGroup;
			children = (
				B268ECDC1C7777E5001DD15F /* MBLMessageBanner.h */,
				B268ECDD1C7777E5001DD15F /* MBLMessageBanner.m */,
			);
			path = Classes;
			sourceTree = "<group>";
		};
		B268ECDF1C7777E5001DD15F /* Ressources */ = {
			isa = PBXGroup;
			children = (
				B268ECE01C7777E5001DD15F /* Configuration Files */,
				B268ECE21C7777E5001DD15F /* Images */,
			);
			path = Ressources;
			sourceTree = "<group>";
		};
		B268ECE01C7777E5001DD15F /* Configuration Files */ = {
			isa = PBXGroup;
			children = (
				B268ECE11C7777E5001DD15F /* MessageBannerDesign.json */,
			);
			path = "Configuration Files";
			sourceTree = "<group>";
		};
		B268ECE21C7777E5001DD15F /* Images */ = {
			isa = PBXGroup;
			children = (
				B268ECE31C7777E5001DD15F /* ErrorBackgroundDefaultImage.png */,
				B268ECE41C7777E5001DD15F /* ErrorBackgroundDefaultImage@2x.png */,
				B268ECE51C7777E5001DD15F /* ErrorDefaultLeftImage.png */,
				B268ECE61C7777E5001DD15F /* ErrorDefaultLeftImage@2x.png */,
				B268ECE71C7777E5001DD15F /* MessageBackgroundDefaultImage.png */,
				B268ECE81C7777E5001DD15F /* MessageBackgroundDefaultImage@2x.png */,
				B268ECE91C7777E5001DD15F /* MessageDefaultLeftImage.png */,
				B268ECEA1C7777E5001DD15F /* MessageDefaultLeftImage@2x.png */,
				B268ECEB1C7777E5001DD15F /* SuccessBackgroundDefaultImage.png */,
				B268ECEC1C7777E5001DD15F /* SuccessBackgroundDefaultImage@2x.png */,
				B268ECED1C7777E5001DD15F /* SuccessDefaultLeftImage.png */,
				B268ECEE1C7777E5001DD15F /* SuccessDefaultLeftImage@2x.png */,
				B268ECEF1C7777E5001DD15F /* WarningBackgroundDefaultImage.png */,
				B268ECF01C7777E5001DD15F /* WarningBackgroundDefaultImage@2x.png */,
				B268ECF11C7777E5001DD15F /* WarningDefaultLeftImage.png */,
				B268ECF21C7777E5001DD15F /* WarningDefaultLeftImage@2x.png */,
			);
			path = Images;
			sourceTree = "<group>";
		};
		B268ECF31C7777E5001DD15F /* Views */ = {
			isa = PBXGroup;
			children = (
				B268ECF41C7777E5001DD15F /* MBLMessageBannerView.h */,
				B268ECF51C7777E5001DD15F /* MBLMessageBannerView.m */,
			);
			path = Views;
			sourceTree = "<group>";
		};
		B296F6E21C7F26D30031AA62 /* TaskQueue */ = {
			isa = PBXGroup;
			children = (
				B296F6E61C7F26E30031AA62 /* GSTask.h */,
				B296F6E71C7F26E30031AA62 /* GSTask.m */,
			);
			path = TaskQueue;
			sourceTree = "<group>";
		};
		B2ABBA2B1C8019B900C02B7D /* Lofi */ = {
			isa = PBXGroup;
			children = (
				B2ABBA2C1C8019B900C02B7D /* GSLofiDataControl.h */,
				B2ABBA2D1C8019B900C02B7D /* GSLofiDataControl.m */,
				B2ABBA301C8019DA00C02B7D /* GSLofiBookTask.h */,
				B2ABBA311C8019DA00C02B7D /* GSLofiBookTask.m */,
				B296F6EA1C8326870031AA62 /* GSLofiDownloadTask.h */,
				B296F6EB1C8326870031AA62 /* GSLofiDownloadTask.m */,
			);
			path = Lofi;
			sourceTree = "<group>";
		};
		B2AD55851C7D4D0600280667 /* sodium */ = {
			isa = PBXGroup;
			children = (
				B2AD55861C7D4D0600280667 /* sodium.xcodeproj */,
			);
			name = sodium;
			path = ../sodium;
			sourceTree = "<group>";
		};
		B2AD55871C7D4D0600280667 /* Products */ = {
			isa = PBXGroup;
			children = (
				B2AD57821C7D4D0800280667 /* libsodium.a */,
			);
			name = Products;
			sourceTree = "<group>";
		};
		B2B1E0481C7EB12C004DCDF7 /* Object */ = {
			isa = PBXGroup;
			children = (
				B2B1E0491C7EB185004DCDF7 /* NSObject+GTools.h */,
				B2B1E04A1C7EB185004DCDF7 /* NSObject+GTools.m */,
			);
			path = Object;
			sourceTree = "<group>";
		};
		B2BDCBBE1C76F6AD00DC3031 /* SideMenu */ = {
			isa = PBXGroup;
			children = (
				B2BDCBBF1C76F83000DC3031 /* GSideMenuController.h */,
				B2BDCBC01C76F83000DC3031 /* GSideMenuController.m */,
				B2BDCBC21C7706AA00DC3031 /* GSideCoverView.h */,
				B2BDCBC31C7706AA00DC3031 /* GSideCoverView.m */,
				B22305AE1C780CC2001B18F5 /* GShadowView.h */,
				B22305AF1C780CC2001B18F5 /* GShadowView.m */,
			);
			path = SideMenu;
			sourceTree = "<group>";
		};
		B2BDCBC51C77122C00DC3031 /* Resources */ = {
			isa = PBXGroup;
			children = (
				B22675E91C7C355600B5D5CC /* no_image.png */,
				B22675EA1C7C355600B5D5CC /* no_image@2x.png */,
				B268ECC61C77745D001DD15F /* home.png */,
				B268ECC71C77745D001DD15F /* home@2x.png */,
				B268ECC81C77745D001DD15F /* progress.png */,
				B268ECC91C77745D001DD15F /* progress@2x.png */,
				B268ECCA1C77745D001DD15F /* search.png */,
				B268ECCB1C77745D001DD15F /* search@2x.png */,
				B268ECCC1C77745D001DD15F /* setting.png */,
				B268ECCD1C77745D001DD15F /* setting@2x.png */,
				B268ECCE1C77745D001DD15F /* squares.png */,
				B268ECCF1C77745D001DD15F /* squares@2x.png */,
				B2BDCBCC1C771A8500DC3031 /* menu@2x.png */,
				B2BDCBCA1C7719C000DC3031 /* menu.png */,
			);
			path = Resources;
			sourceTree = "<group>";
		};
		B2F02F121C75635200D93119 /* Globals */ = {
			isa = PBXGroup;
			children = (
				B2F02F131C75637700D93119 /* GSGlobals.h */,
				B2F02F141C75637700D93119 /* GSGlobals.m */,
			);
			path = Globals;
			sourceTree = "<group>";
		};
		B2F02F191C75BE0D00D93119 /* Utils */ = {
			isa = PBXGroup;
			children = (
				B2B1E0481C7EB12C004DCDF7 /* Object */,
				B2F181201C7C062500DA5BF3 /* CacheManager */,
				B2F181291C7C062500DA5BF3 /* MD5 */,
				B2F44C301C78C3FE00639756 /* GDDataXML */,
				B2F44C231C78AA3700639756 /* NSURL+QueryDictionary */,
				B22305C51C783631001B18F5 /* SlimeRefresh */,
				B22305C11C7824F4001B18F5 /* DataManager */,
				B22305A61C78057B001B18F5 /* FXBlurView */,
				B22305A91C78057B001B18F5 /* HexColors */,
				B268ECDA1C7777E5001DD15F /* MessageBanner */,
				B268EC9A1C7763BA001DD15F /* ASIHTTPRequest */,
				B2BDCBBE1C76F6AD00DC3031 /* SideMenu */,
				B2F02F1A1C75BE0D00D93119 /* Tween */,
			);
			path = Utils;
			sourceTree = "<group>";
		};
		B2F02F1A1C75BE0D00D93119 /* Tween */ = {
			isa = PBXGroup;
			children = (
				B2F02F1B1C75BE0D00D93119 /* GCallback.h */,
				B2F02F1C1C75BE0D00D93119 /* GCallback.m */,
				B2F02F1D1C75BE0D00D93119 /* GEase.h */,
				B2F02F1E1C75BE0D00D93119 /* GEase.m */,
				B2F02F1F1C75BE0D00D93119 /* GTween.h */,
				B2F02F201C75BE0D00D93119 /* GTween.m */,
				B2F02F211C75BE0D00D93119 /* GTweenProperty.h */,
				B2F02F221C75BE0D00D93119 /* GTweenProperty.m */,
				B2F02F231C75BE0D00D93119 /* GValue.h */,
				B2F02F241C75BE0D00D93119 /* GValue.m */,
			);
			path = Tween;
			sourceTree = "<group>";
		};
		B2F02F2A1C75C15500D93119 /* Widgets */ = {
			isa = PBXGroup;
			children = (
				B2F02F2B1C75C1E200D93119 /* GSSelectView.h */,
				B2F02F2C1C75C1E200D93119 /* GSSelectView.m */,
				B2F181371C7C13F200DA5BF3 /* GSRadiusImageView.h */,
				B2F181381C7C13F200DA5BF3 /* GSRadiusImageView.m */,
			);
			path = Widgets;
			sourceTree = "<group>";
		};
		B2F181201C7C062500DA5BF3 /* CacheManager */ = {
			isa = PBXGroup;
			children = (
				B2F181211C7C062500DA5BF3 /* MTLocationCache.h */,
				B2F181221C7C062500DA5BF3 /* MTLocationCache.m */,
				B2F181231C7C062500DA5BF3 /* MTMenoryCache.h */,
				B2F181241C7C062500DA5BF3 /* MTMenoryCache.m */,
				B2F181251C7C062500DA5BF3 /* MTNetCacheElement.h */,
				B2F181261C7C062500DA5BF3 /* MTNetCacheElement.m */,
				B2F181271C7C062500DA5BF3 /* MTNetCacheManager.h */,
				B2F181281C7C062500DA5BF3 /* MTNetCacheManager.m */,
			);
			path = CacheManager;
			sourceTree = "<group>";
		};
		B2F181291C7C062500DA5BF3 /* MD5 */ = {
			isa = PBXGroup;
			children = (
				B2F1812A1C7C062500DA5BF3 /* md5.c */,
				B2F1812B1C7C062500DA5BF3 /* md5.h */,
				B2F1812C1C7C062500DA5BF3 /* MTMd5.h */,
				B2F1812D1C7C062500DA5BF3 /* MTMd5.m */,
			);
			path = MD5;
			sourceTree = "<group>";
		};
		B2F44C1F1C78A1C600639756 /* DataController */ = {
			isa = PBXGroup;
			children = (
				B2ABBA2B1C8019B900C02B7D /* Lofi */,
				B296F6E21C7F26D30031AA62 /* TaskQueue */,
				B2F44C2D1C78BD5C00639756 /* GSBookItem.h */,
				B2F44C2E1C78BD5C00639756 /* GSBookItem.m */,
				B22675ED1C7C44DC00B5D5CC /* GSPageItem.h */,
				B22675EE1C7C44DC00B5D5CC /* GSPageItem.m */,
				B2F44C201C78A1D900639756 /* GSDataControl.h */,
				B2F44C211C78A1D900639756 /* GSDataControl.m */,
				B2ABBA331C80278900C02B7D /* GSDataDefines.h */,
				B296F6EE1C8335170031AA62 /* GSPictureManager.h */,
				B296F6EF1C8335170031AA62 /* GSPictureManager.m */,
			);
			path = DataController;
			sourceTree = "<group>";
		};
		B2F44C231C78AA3700639756 /* NSURL+QueryDictionary */ = {
			isa = PBXGroup;
			children = (
				B2F44C241C78AA3700639756 /* NSURL+QueryDictionary.h */,
				B2F44C251C78AA3700639756 /* NSURL+QueryDictionary.m */,
			);
			path = "NSURL+QueryDictionary";
			sourceTree = "<group>";
		};
		B2F44C301C78C3FE00639756 /* GDDataXML */ = {
			isa = PBXGroup;
			children = (
				B2F44C311C78C3FE00639756 /* GDataXMLNode.h */,
				B2F44C321C78C3FE00639756 /* GDataXMLNode.m */,
			);
			path = GDDataXML;
			sourceTree = "<group>";
		};
/* End PBXGroup section */

/* Begin PBXNativeTarget section */
		B20A34791C747283000CCFA3 /* shadowsocks */ = {
			isa = PBXNativeTarget;
			buildConfigurationList = B20A34801C747283000CCFA3 /* Build configuration list for PBXNativeTarget "shadowsocks" */;
			buildPhases = (
				B20A34761C747283000CCFA3 /* Sources */,
				B20A34771C747283000CCFA3 /* Frameworks */,
				B20A34781C747283000CCFA3 /* CopyFiles */,
			);
			buildRules = (
			);
			dependencies = (
			);
			name = shadowsocks;
			productName = shadowsocks;
			productReference = B20A347A1C747283000CCFA3 /* libshadowsocks.a */;
			productType = "com.apple.product-type.library.static";
		};
		B250EE281C73054D00198CDE /* GenShelf */ = {
			isa = PBXNativeTarget;
			buildConfigurationList = B250EE591C73054D00198CDE /* Build configuration list for PBXNativeTarget "GenShelf" */;
			buildPhases = (
				B250EE251C73054D00198CDE /* Sources */,
				B250EE261C73054D00198CDE /* Frameworks */,
				B250EE271C73054D00198CDE /* Resources */,
			);
			buildRules = (
			);
			dependencies = (
			);
			name = GenShelf;
			productName = GenShelf;
			productReference = B250EE291C73054D00198CDE /* GenShelf.app */;
			productType = "com.apple.product-type.application";
		};
		B250EE441C73054D00198CDE /* GenShelfTests */ = {
			isa = PBXNativeTarget;
			buildConfigurationList = B250EE5C1C73054D00198CDE /* Build configuration list for PBXNativeTarget "GenShelfTests" */;
			buildPhases = (
				B250EE411C73054D00198CDE /* Sources */,
				B250EE421C73054D00198CDE /* Frameworks */,
				B250EE431C73054D00198CDE /* Resources */,
			);
			buildRules = (
			);
			dependencies = (
				B250EE471C73054D00198CDE /* PBXTargetDependency */,
			);
			name = GenShelfTests;
			productName = GenShelfTests;
			productReference = B250EE451C73054D00198CDE /* GenShelfTests.xctest */;
			productType = "com.apple.product-type.bundle.unit-test";
		};
		B250EE4F1C73054D00198CDE /* GenShelfUITests */ = {
			isa = PBXNativeTarget;
			buildConfigurationList = B250EE5F1C73054D00198CDE /* Build configuration list for PBXNativeTarget "GenShelfUITests" */;
			buildPhases = (
				B250EE4C1C73054D00198CDE /* Sources */,
				B250EE4D1C73054D00198CDE /* Frameworks */,
				B250EE4E1C73054D00198CDE /* Resources */,
			);
			buildRules = (
			);
			dependencies = (
				B250EE521C73054D00198CDE /* PBXTargetDependency */,
			);
			name = GenShelfUITests;
			productName = GenShelfUITests;
			productReference = B250EE501C73054D00198CDE /* GenShelfUITests.xctest */;
			productType = "com.apple.product-type.bundle.ui-testing";
		};
/* End PBXNativeTarget section */

/* Begin PBXProject section */
		B250EE211C73054D00198CDE /* Project object */ = {
			isa = PBXProject;
			attributes = {
				LastUpgradeCheck = 0710;
				ORGANIZATIONNAME = AirRaidClub;
				TargetAttributes = {
					B20A34791C747283000CCFA3 = {
						CreatedOnToolsVersion = 7.1.1;
					};
					B250EE281C73054D00198CDE = {
						CreatedOnToolsVersion = 7.1.1;
					};
					B250EE441C73054D00198CDE = {
						CreatedOnToolsVersion = 7.1.1;
						TestTargetID = B250EE281C73054D00198CDE;
					};
					B250EE4F1C73054D00198CDE = {
						CreatedOnToolsVersion = 7.1.1;
						TestTargetID = B250EE281C73054D00198CDE;
					};
				};
			};
			buildConfigurationList = B250EE241C73054D00198CDE /* Build configuration list for PBXProject "GenShelf" */;
			compatibilityVersion = "Xcode 3.2";
			developmentRegion = English;
			hasScannedForEncodings = 0;
			knownRegions = (
				en,
				Base,
			);
			mainGroup = B250EE201C73054D00198CDE;
			productRefGroup = B250EE2A1C73054D00198CDE /* Products */;
			projectDirPath = "";
			projectReferences = (
				{
					ProductGroup = B2AD55871C7D4D0600280667 /* Products */;
					ProjectRef = B2AD55861C7D4D0600280667 /* sodium.xcodeproj */;
				},
			);
			projectRoot = "";
			targets = (
				B250EE281C73054D00198CDE /* GenShelf */,
				B250EE441C73054D00198CDE /* GenShelfTests */,
				B250EE4F1C73054D00198CDE /* GenShelfUITests */,
				B20A34791C747283000CCFA3 /* shadowsocks */,
			);
		};
/* End PBXProject section */

/* Begin PBXReferenceProxy section */
		B2AD57821C7D4D0800280667 /* libsodium.a */ = {
			isa = PBXReferenceProxy;
			fileType = archive.ar;
			path = libsodium.a;
			remoteRef = B2AD57811C7D4D0800280667 /* PBXContainerItemProxy */;
			sourceTree = BUILT_PRODUCTS_DIR;
		};
/* End PBXReferenceProxy section */

/* Begin PBXResourcesBuildPhase section */
		B250EE271C73054D00198CDE /* Resources */ = {
			isa = PBXResourcesBuildPhase;
			buildActionMask = 2147483647;
			files = (
				B268ED031C7777E5001DD15F /* SuccessDefaultLeftImage.png in Resources */,
				B2BDCBCB1C7719C000DC3031 /* menu.png in Resources */,
				B268ECD41C77745D001DD15F /* search.png in Resources */,
				B268ECFC1C7777E5001DD15F /* ErrorDefaultLeftImage@2x.png in Resources */,
				B268ED081C7777E5001DD15F /* WarningDefaultLeftImage@2x.png in Resources */,
				B268ED001C7777E5001DD15F /* MessageDefaultLeftImage@2x.png in Resources */,
				B268ECD31C77745D001DD15F /* progress@2x.png in Resources */,
				B268ECD01C77745D001DD15F /* home.png in Resources */,
				B2BDCBCD1C771A8500DC3031 /* menu@2x.png in Resources */,
				B268ED071C7777E5001DD15F /* WarningDefaultLeftImage.png in Resources */,
				B268ECFD1C7777E5001DD15F /* MessageBackgroundDefaultImage.png in Resources */,
				B268ED061C7777E5001DD15F /* WarningBackgroundDefaultImage@2x.png in Resources */,
				B268ECF81C7777E5001DD15F /* MessageBannerDesign.json in Resources */,
				B268ED051C7777E5001DD15F /* WarningBackgroundDefaultImage.png in Resources */,
				B268ECFE1C7777E5001DD15F /* MessageBackgroundDefaultImage@2x.png in Resources */,
				B268ED041C7777E5001DD15F /* SuccessDefaultLeftImage@2x.png in Resources */,
				B268ED021C7777E5001DD15F /* SuccessBackgroundDefaultImage@2x.png in Resources */,
				B268ECD91C77745D001DD15F /* squares@2x.png in Resources */,
				B268ECFB1C7777E5001DD15F /* ErrorDefaultLeftImage.png in Resources */,
				B22675EC1C7C355600B5D5CC /* no_image@2x.png in Resources */,
				B268ECFA1C7777E5001DD15F /* ErrorBackgroundDefaultImage@2x.png in Resources */,
				B268ECD71C77745D001DD15F /* setting@2x.png in Resources */,
				B268ECFF1C7777E5001DD15F /* MessageDefaultLeftImage.png in Resources */,
				B268ECD61C77745D001DD15F /* setting.png in Resources */,
				B250EE3C1C73054D00198CDE /* Assets.xcassets in Resources */,
				B268ECF91C7777E5001DD15F /* ErrorBackgroundDefaultImage.png in Resources */,
				B268ECF71C7777E5001DD15F /* LICENSE in Resources */,
				B20A34891C747FB7000CCFA3 /* LaunchScreen.storyboard in Resources */,
				B268ECD21C77745D001DD15F /* progress.png in Resources */,
				B268ED011C7777E5001DD15F /* SuccessBackgroundDefaultImage.png in Resources */,
				B22305CE1C783632001B18F5 /* sr_refresh@2X.png in Resources */,
				B268ECD81C77745D001DD15F /* squares.png in Resources */,
				B268ECD51C77745D001DD15F /* search@2x.png in Resources */,
				B22305CD1C783632001B18F5 /* sr_refresh.png in Resources */,
				B268ECD11C77745D001DD15F /* home@2x.png in Resources */,
				B22675EB1C7C355600B5D5CC /* no_image.png in Resources */,
			);
			runOnlyForDeploymentPostprocessing = 0;
		};
		B250EE431C73054D00198CDE /* Resources */ = {
			isa = PBXResourcesBuildPhase;
			buildActionMask = 2147483647;
			files = (
			);
			runOnlyForDeploymentPostprocessing = 0;
		};
		B250EE4E1C73054D00198CDE /* Resources */ = {
			isa = PBXResourcesBuildPhase;
			buildActionMask = 2147483647;
			files = (
			);
			runOnlyForDeploymentPostprocessing = 0;
		};
/* End PBXResourcesBuildPhase section */

/* Begin PBXSourcesBuildPhase section */
		B20A34761C747283000CCFA3 /* Sources */ = {
			isa = PBXSourcesBuildPhase;
			buildActionMask = 2147483647;
			files = (
				B20A34861C7472C7000CCFA3 /* table.m in Sources */,
				B20A34851C7472C2000CCFA3 /* local.m in Sources */,
				B20A34841C7472BD000CCFA3 /* encrypt.c in Sources */,
				B20A34831C7472B6000CCFA3 /* ev.c in Sources */,
			);
			runOnlyForDeploymentPostprocessing = 0;
		};
		B250EE251C73054D00198CDE /* Sources */ = {
			isa = PBXSourcesBuildPhase;
			buildActionMask = 2147483647;
			files = (
				B2F02F281C75BE0D00D93119 /* GTweenProperty.m in Sources */,
				B20A34731C746BBB000CCFA3 /* GSSSSettingViewController.m in Sources */,
				B2F44C2F1C78BD5C00639756 /* GSBookItem.m in Sources */,
				B268ECBB1C7763BA001DD15F /* ASIHTTPRequest.m in Sources */,
				B268EC961C7742E5001DD15F /* GSHomeViewController.m in Sources */,
				B268ECBE1C7763BA001DD15F /* Reachability.m in Sources */,
				B2F181321C7C062500DA5BF3 /* md5.c in Sources */,
				B22305B31C781AB4001B18F5 /* GSHomeController.m in Sources */,
				B268ED091C7777E5001DD15F /* MBLMessageBannerView.m in Sources */,
				B2F181391C7C13F200DA5BF3 /* GSRadiusImageView.m in Sources */,
				B2ABBA2E1C8019B900C02B7D /* GSLofiDataControl.m in Sources */,
				B2ABBA321C8019DA00C02B7D /* GSLofiBookTask.m in Sources */,
				B296F6E81C7F26E30031AA62 /* GSTask.m in Sources */,
				B268ECF61C7777E5001DD15F /* MBLMessageBanner.m in Sources */,
				B268EC991C7742FE001DD15F /* GSSearchViewController.m in Sources */,
				B23366C21C7EEDE8003EA467 /* GSModelHomeData.m in Sources */,
				B22675EF1C7C44DC00B5D5CC /* GSPageItem.m in Sources */,
				B22305C41C78250E001B18F5 /* GCoreDataManager.m in Sources */,
				B2F181301C7C062500DA5BF3 /* MTNetCacheElement.m in Sources */,
				B268ECB81C7763BA001DD15F /* ASIDataDecompressor.m in Sources */,
				B2CE81311C74B6DA00980186 /* GSSelectCell.m in Sources */,
				B296F6F01C8335170031AA62 /* GSPictureManager.m in Sources */,
				B268ECC51C776FFE001DD15F /* GSSettingsViewController.m in Sources */,
				B2F44C221C78A1D900639756 /* GSDataControl.m in Sources */,
				B2BDCBC11C76F83000DC3031 /* GSideMenuController.m in Sources */,
				B2B1E04B1C7EB185004DCDF7 /* NSObject+GTools.m in Sources */,
				B2BDCBC41C7706AA00DC3031 /* GSideCoverView.m in Sources */,
				B26936E51C840A4A00D2D35E /* GSModelNetPage+CoreDataProperties.m in Sources */,
				B2F181361C7C12C400DA5BF3 /* GSBookCell.m in Sources */,
				B23366BE1C7EEDE8003EA467 /* GSModelNetBook.m in Sources */,
				B2F02F291C75BE0D00D93119 /* GValue.m in Sources */,
				B2F181311C7C062500DA5BF3 /* MTNetCacheManager.m in Sources */,
				B22305AC1C78057B001B18F5 /* FXBlurView.m in Sources */,
				B250EE311C73054D00198CDE /* AppDelegate.m in Sources */,
				B296F6EC1C8326870031AA62 /* GSLofiDownloadTask.m in Sources */,
				B23366C71C7EEF45003EA467 /* GSModelHomeData+CoreDataProperties.m in Sources */,
				B268ECBD1C7763BA001DD15F /* ASINetworkQueue.m in Sources */,
				B2F02F251C75BE0D00D93119 /* GCallback.m in Sources */,
				B2F44C461C7CB3D000639756 /* GSThumCell.m in Sources */,
				B22305CF1C783632001B18F5 /* SRRefreshView.m in Sources */,
				B23366BC1C7EEDE8003EA467 /* GSModelPage.m in Sources */,
				B268ECB91C7763BA001DD15F /* ASIDownloadCache.m in Sources */,
				B2F181331C7C062500DA5BF3 /* MTMd5.m in Sources */,
				B2F1812F1C7C062500DA5BF3 /* MTMenoryCache.m in Sources */,
				B2F02F261C75BE0D00D93119 /* GEase.m in Sources */,
				B23366BD1C7EEDE8003EA467 /* GSModelNetBook+CoreDataProperties.m in Sources */,
				B2F02F2D1C75C1E200D93119 /* GSSelectView.m in Sources */,
				B268ECBA1C7763BA001DD15F /* ASIFormDataRequest.m in Sources */,
				B2F44C261C78AA3700639756 /* NSURL+QueryDictionary.m in Sources */,
				B250EE2E1C73054D00198CDE /* main.m in Sources */,
				B22305B01C780CC2001B18F5 /* GShadowView.m in Sources */,
				B2F02F271C75BE0D00D93119 /* GTween.m in Sources */,
				B2BDCBD01C771F6100DC3031 /* GSShelfViewController.m in Sources */,
				B268ECBC1C7763BA001DD15F /* ASIInputStream.m in Sources */,
				B20A348E1C7482A8000CCFA3 /* GSInputCell.m in Sources */,
				B2F44C331C78C3FE00639756 /* GDataXMLNode.m in Sources */,
				B2F44C431C7CA2C300639756 /* GSPreviewViewController.m in Sources */,
				B23366BB1C7EEDE8003EA467 /* GSModelPage+CoreDataProperties.m in Sources */,
				B268ECB71C7763BA001DD15F /* ASIDataCompressor.m in Sources */,
				B2F02F181C75B24600D93119 /* GSSwitchCell.m in Sources */,
				B22305AD1C78057B001B18F5 /* HexColors.m in Sources */,
				B26936EB1C8424FA00D2D35E /* GenShelf.xcdatamodeld in Sources */,
				B2F1812E1C7C062500DA5BF3 /* MTLocationCache.m in Sources */,
				B22305D01C783632001B18F5 /* SRSlimeView.m in Sources */,
				B2F02F151C75637700D93119 /* GSGlobals.m in Sources */,
				B20A34231C746541000CCFA3 /* ShadowsocksRunner.m in Sources */,
				B2BDCBBD1C76DF5600DC3031 /* GSLoadingCell.m in Sources */,
				B23366C41C7EEDE8003EA467 /* GSModelNetPage.m in Sources */,
				B268ECB61C7763BA001DD15F /* ASIAuthenticationDialog.m in Sources */,
			);
			runOnlyForDeploymentPostprocessing = 0;
		};
		B250EE411C73054D00198CDE /* Sources */ = {
			isa = PBXSourcesBuildPhase;
			buildActionMask = 2147483647;
			files = (
				B250EE4A1C73054D00198CDE /* GenShelfTests.m in Sources */,
			);
			runOnlyForDeploymentPostprocessing = 0;
		};
		B250EE4C1C73054D00198CDE /* Sources */ = {
			isa = PBXSourcesBuildPhase;
			buildActionMask = 2147483647;
			files = (
				B250EE551C73054D00198CDE /* GenShelfUITests.m in Sources */,
			);
			runOnlyForDeploymentPostprocessing = 0;
		};
/* End PBXSourcesBuildPhase section */

/* Begin PBXTargetDependency section */
		B250EE471C73054D00198CDE /* PBXTargetDependency */ = {
			isa = PBXTargetDependency;
			target = B250EE281C73054D00198CDE /* GenShelf */;
			targetProxy = B250EE461C73054D00198CDE /* PBXContainerItemProxy */;
		};
		B250EE521C73054D00198CDE /* PBXTargetDependency */ = {
			isa = PBXTargetDependency;
			target = B250EE281C73054D00198CDE /* GenShelf */;
			targetProxy = B250EE511C73054D00198CDE /* PBXContainerItemProxy */;
		};
/* End PBXTargetDependency section */

/* Begin XCBuildConfiguration section */
		B20A34811C747283000CCFA3 /* Debug */ = {
			isa = XCBuildConfiguration;
			buildSettings = {
				GCC_PRECOMPILE_PREFIX_HEADER = YES;
				GCC_PREFIX_HEADER = "GenShelf/GenShelf-Prefix.pch";
				HEADER_SEARCH_PATHS = (
					"\"$(SRCROOT)/GenShelf/OpenSSL-for-iPhone/include\"",
					"$(PROJECT_DIR)/GenShelf",
				);
				LIBRARY_SEARCH_PATHS = "$(PROJECT_DIR)/GenShelf/OpenSSL-for-iPhone/lib";
				OTHER_LDFLAGS = "-ObjC";
				PRODUCT_NAME = "$(TARGET_NAME)";
				SKIP_INSTALL = YES;
				WATCHOS_DEPLOYMENT_TARGET = 2.0;
			};
			name = Debug;
		};
		B20A34821C747283000CCFA3 /* Release */ = {
			isa = XCBuildConfiguration;
			buildSettings = {
				GCC_PRECOMPILE_PREFIX_HEADER = YES;
				GCC_PREFIX_HEADER = "GenShelf/GenShelf-Prefix.pch";
				HEADER_SEARCH_PATHS = (
					"\"$(SRCROOT)/GenShelf/OpenSSL-for-iPhone/include\"",
					"$(PROJECT_DIR)/GenShelf",
				);
				LIBRARY_SEARCH_PATHS = "$(PROJECT_DIR)/GenShelf/OpenSSL-for-iPhone/lib";
				OTHER_LDFLAGS = "-ObjC";
				PRODUCT_NAME = "$(TARGET_NAME)";
				SKIP_INSTALL = YES;
				WATCHOS_DEPLOYMENT_TARGET = 2.0;
			};
			name = Release;
		};
		B250EE571C73054D00198CDE /* Debug */ = {
			isa = XCBuildConfiguration;
			buildSettings = {
				ALWAYS_SEARCH_USER_PATHS = NO;
				CLANG_CXX_LANGUAGE_STANDARD = "gnu++0x";
				CLANG_CXX_LIBRARY = "libc++";
				CLANG_ENABLE_MODULES = YES;
				CLANG_ENABLE_OBJC_ARC = YES;
				CLANG_WARN_BOOL_CONVERSION = YES;
				CLANG_WARN_CONSTANT_CONVERSION = YES;
				CLANG_WARN_DIRECT_OBJC_ISA_USAGE = YES_ERROR;
				CLANG_WARN_EMPTY_BODY = YES;
				CLANG_WARN_ENUM_CONVERSION = YES;
				CLANG_WARN_INT_CONVERSION = YES;
				CLANG_WARN_OBJC_ROOT_CLASS = YES_ERROR;
				CLANG_WARN_UNREACHABLE_CODE = YES;
				CLANG_WARN__DUPLICATE_METHOD_MATCH = YES;
				"CODE_SIGN_IDENTITY[sdk=iphoneos*]" = "iPhone Developer";
				COPY_PHASE_STRIP = NO;
				DEBUG_INFORMATION_FORMAT = dwarf;
				ENABLE_STRICT_OBJC_MSGSEND = YES;
				ENABLE_TESTABILITY = YES;
				GCC_C_LANGUAGE_STANDARD = gnu99;
				GCC_DYNAMIC_NO_PIC = NO;
				GCC_NO_COMMON_BLOCKS = YES;
				GCC_OPTIMIZATION_LEVEL = 0;
				GCC_PREPROCESSOR_DEFINITIONS = (
					"DEBUG=1",
					"$(inherited)",
				);
				GCC_WARN_64_TO_32_BIT_CONVERSION = YES;
				GCC_WARN_ABOUT_RETURN_TYPE = YES_ERROR;
				GCC_WARN_UNDECLARED_SELECTOR = YES;
				GCC_WARN_UNINITIALIZED_AUTOS = YES_AGGRESSIVE;
				GCC_WARN_UNUSED_FUNCTION = YES;
				GCC_WARN_UNUSED_VARIABLE = YES;
				IPHONEOS_DEPLOYMENT_TARGET = 9.1;
				MTL_ENABLE_DEBUG_INFO = YES;
				ONLY_ACTIVE_ARCH = YES;
				SDKROOT = iphoneos;
				TARGETED_DEVICE_FAMILY = "1,2";
			};
			name = Debug;
		};
		B250EE581C73054D00198CDE /* Release */ = {
			isa = XCBuildConfiguration;
			buildSettings = {
				ALWAYS_SEARCH_USER_PATHS = NO;
				CLANG_CXX_LANGUAGE_STANDARD = "gnu++0x";
				CLANG_CXX_LIBRARY = "libc++";
				CLANG_ENABLE_MODULES = YES;
				CLANG_ENABLE_OBJC_ARC = YES;
				CLANG_WARN_BOOL_CONVERSION = YES;
				CLANG_WARN_CONSTANT_CONVERSION = YES;
				CLANG_WARN_DIRECT_OBJC_ISA_USAGE = YES_ERROR;
				CLANG_WARN_EMPTY_BODY = YES;
				CLANG_WARN_ENUM_CONVERSION = YES;
				CLANG_WARN_INT_CONVERSION = YES;
				CLANG_WARN_OBJC_ROOT_CLASS = YES_ERROR;
				CLANG_WARN_UNREACHABLE_CODE = YES;
				CLANG_WARN__DUPLICATE_METHOD_MATCH = YES;
				"CODE_SIGN_IDENTITY[sdk=iphoneos*]" = "iPhone Developer";
				COPY_PHASE_STRIP = NO;
				DEBUG_INFORMATION_FORMAT = "dwarf-with-dsym";
				ENABLE_NS_ASSERTIONS = NO;
				ENABLE_STRICT_OBJC_MSGSEND = YES;
				GCC_C_LANGUAGE_STANDARD = gnu99;
				GCC_NO_COMMON_BLOCKS = YES;
				GCC_WARN_64_TO_32_BIT_CONVERSION = YES;
				GCC_WARN_ABOUT_RETURN_TYPE = YES_ERROR;
				GCC_WARN_UNDECLARED_SELECTOR = YES;
				GCC_WARN_UNINITIALIZED_AUTOS = YES_AGGRESSIVE;
				GCC_WARN_UNUSED_FUNCTION = YES;
				GCC_WARN_UNUSED_VARIABLE = YES;
				IPHONEOS_DEPLOYMENT_TARGET = 9.1;
				MTL_ENABLE_DEBUG_INFO = NO;
				SDKROOT = iphoneos;
				TARGETED_DEVICE_FAMILY = "1,2";
				VALIDATE_PRODUCT = YES;
			};
			name = Release;
		};
		B250EE5A1C73054D00198CDE /* Debug */ = {
			isa = XCBuildConfiguration;
			buildSettings = {
				ASSETCATALOG_COMPILER_APPICON_NAME = AppIcon;
				CODE_SIGN_IDENTITY = "iPhone Developer: bo yu (39W5WTNDBE)";
				ENABLE_BITCODE = NO;
				GCC_PREFIX_HEADER = "GenShelf/GenShelf-Prefix.pch";
				HEADER_SEARCH_PATHS = (
					"\"$(SRCROOT)/GenShelf/OpenSSL-for-iPhone/include\"",
					"$(PROJECT_DIR)/GenShelf",
					/usr/include/libxml2,
				);
				INFOPLIST_FILE = GenShelf/Info.plist;
				IPHONEOS_DEPLOYMENT_TARGET = 6.0;
				LD_RUNPATH_SEARCH_PATHS = "$(inherited) @executable_path/Frameworks";
				LIBRARY_SEARCH_PATHS = "$(PROJECT_DIR)/GenShelf/OpenSSL-for-iPhone/lib";
				OTHER_LDFLAGS = "-ObjC";
				PRODUCT_BUNDLE_IDENTIFIER = com.ri.GenShelf;
				PRODUCT_NAME = "$(TARGET_NAME)";
				PROVISIONING_PROFILE = "";
			};
			name = Debug;
		};
		B250EE5B1C73054D00198CDE /* Release */ = {
			isa = XCBuildConfiguration;
			buildSettings = {
				ASSETCATALOG_COMPILER_APPICON_NAME = AppIcon;
				CODE_SIGN_IDENTITY = "iPhone Developer: bo yu (39W5WTNDBE)";
				ENABLE_BITCODE = NO;
				GCC_PREFIX_HEADER = "GenShelf/GenShelf-Prefix.pch";
				HEADER_SEARCH_PATHS = (
					"\"$(SRCROOT)/GenShelf/OpenSSL-for-iPhone/include\"",
					"$(PROJECT_DIR)/GenShelf",
					/usr/include/libxml2,
				);
				INFOPLIST_FILE = GenShelf/Info.plist;
				IPHONEOS_DEPLOYMENT_TARGET = 6.0;
				LD_RUNPATH_SEARCH_PATHS = "$(inherited) @executable_path/Frameworks";
				LIBRARY_SEARCH_PATHS = "$(PROJECT_DIR)/GenShelf/OpenSSL-for-iPhone/lib";
				OTHER_LDFLAGS = "-ObjC";
				PRODUCT_BUNDLE_IDENTIFIER = com.ri.GenShelf;
				PRODUCT_NAME = "$(TARGET_NAME)";
				PROVISIONING_PROFILE = "";
			};
			name = Release;
		};
		B250EE5D1C73054D00198CDE /* Debug */ = {
			isa = XCBuildConfiguration;
			buildSettings = {
				BUNDLE_LOADER = "$(TEST_HOST)";
				INFOPLIST_FILE = GenShelfTests/Info.plist;
				LD_RUNPATH_SEARCH_PATHS = "$(inherited) @executable_path/Frameworks @loader_path/Frameworks";
				PRODUCT_BUNDLE_IDENTIFIER = com.ri.GenShelfTests;
				PRODUCT_NAME = "$(TARGET_NAME)";
				TEST_HOST = "$(BUILT_PRODUCTS_DIR)/GenShelf.app/GenShelf";
			};
			name = Debug;
		};
		B250EE5E1C73054D00198CDE /* Release */ = {
			isa = XCBuildConfiguration;
			buildSettings = {
				BUNDLE_LOADER = "$(TEST_HOST)";
				INFOPLIST_FILE = GenShelfTests/Info.plist;
				LD_RUNPATH_SEARCH_PATHS = "$(inherited) @executable_path/Frameworks @loader_path/Frameworks";
				PRODUCT_BUNDLE_IDENTIFIER = com.ri.GenShelfTests;
				PRODUCT_NAME = "$(TARGET_NAME)";
				TEST_HOST = "$(BUILT_PRODUCTS_DIR)/GenShelf.app/GenShelf";
			};
			name = Release;
		};
		B250EE601C73054D00198CDE /* Debug */ = {
			isa = XCBuildConfiguration;
			buildSettings = {
				INFOPLIST_FILE = GenShelfUITests/Info.plist;
				LD_RUNPATH_SEARCH_PATHS = "$(inherited) @executable_path/Frameworks @loader_path/Frameworks";
				PRODUCT_BUNDLE_IDENTIFIER = com.ri.GenShelfUITests;
				PRODUCT_NAME = "$(TARGET_NAME)";
				TEST_TARGET_NAME = GenShelf;
				USES_XCTRUNNER = YES;
			};
			name = Debug;
		};
		B250EE611C73054D00198CDE /* Release */ = {
			isa = XCBuildConfiguration;
			buildSettings = {
				INFOPLIST_FILE = GenShelfUITests/Info.plist;
				LD_RUNPATH_SEARCH_PATHS = "$(inherited) @executable_path/Frameworks @loader_path/Frameworks";
				PRODUCT_BUNDLE_IDENTIFIER = com.ri.GenShelfUITests;
				PRODUCT_NAME = "$(TARGET_NAME)";
				TEST_TARGET_NAME = GenShelf;
				USES_XCTRUNNER = YES;
			};
			name = Release;
		};
/* End XCBuildConfiguration section */

/* Begin XCConfigurationList section */
		B20A34801C747283000CCFA3 /* Build configuration list for PBXNativeTarget "shadowsocks" */ = {
			isa = XCConfigurationList;
			buildConfigurations = (
				B20A34811C747283000CCFA3 /* Debug */,
				B20A34821C747283000CCFA3 /* Release */,
			);
			defaultConfigurationIsVisible = 0;
			defaultConfigurationName = Release;
		};
		B250EE241C73054D00198CDE /* Build configuration list for PBXProject "GenShelf" */ = {
			isa = XCConfigurationList;
			buildConfigurations = (
				B250EE571C73054D00198CDE /* Debug */,
				B250EE581C73054D00198CDE /* Release */,
			);
			defaultConfigurationIsVisible = 0;
			defaultConfigurationName = Release;
		};
		B250EE591C73054D00198CDE /* Build configuration list for PBXNativeTarget "GenShelf" */ = {
			isa = XCConfigurationList;
			buildConfigurations = (
				B250EE5A1C73054D00198CDE /* Debug */,
				B250EE5B1C73054D00198CDE /* Release */,
			);
			defaultConfigurationIsVisible = 0;
			defaultConfigurationName = Release;
		};
		B250EE5C1C73054D00198CDE /* Build configuration list for PBXNativeTarget "GenShelfTests" */ = {
			isa = XCConfigurationList;
			buildConfigurations = (
				B250EE5D1C73054D00198CDE /* Debug */,
				B250EE5E1C73054D00198CDE /* Release */,
			);
			defaultConfigurationIsVisible = 0;
			defaultConfigurationName = Release;
		};
		B250EE5F1C73054D00198CDE /* Build configuration list for PBXNativeTarget "GenShelfUITests" */ = {
			isa = XCConfigurationList;
			buildConfigurations = (
				B250EE601C73054D00198CDE /* Debug */,
				B250EE611C73054D00198CDE /* Release */,
			);
			defaultConfigurationIsVisible = 0;
			defaultConfigurationName = Release;
		};
/* End XCConfigurationList section */

/* Begin XCVersionGroup section */
		B26936E91C8424FA00D2D35E /* GenShelf.xcdatamodeld */ = {
			isa = XCVersionGroup;
			children = (
				B26936EA1C8424FA00D2D35E /* GenShelf.xcdatamodel */,
			);
			currentVersion = B26936EA1C8424FA00D2D35E /* GenShelf.xcdatamodel */;
			path = GenShelf.xcdatamodeld;
			sourceTree = "<group>";
			versionGroupType = wrapper.xcdatamodel;
		};
/* End XCVersionGroup section */
	};
	rootObject = B250EE211C73054D00198CDE /* Project object */;
}
